// !$*UTF8*$!
{
	archiveVersion = 1;
	classes = {
	};
	objectVersion = 77;
	objects = {

/* Begin PBXBuildFile section */
		0606CD376ED4FED9712641E0 /* fr.json in Resources */ = {isa = PBXBuildFile; fileRef = 35ADB173300E4A438F29547D /* fr.json */; };
		0E44409BA62A8F55FA9B2290 /* DiscoverSnapshot.swift in Sources */ = {isa = PBXBuildFile; fileRef = 45F0B12843CFCE2E02E8FDB7 /* DiscoverSnapshot.swift */; };
		1617C47830EC40777FFC78D5 /* SearchScreen.swift in Sources */ = {isa = PBXBuildFile; fileRef = 5005D04B8F30B42225FD9468 /* SearchScreen.swift */; };
		1829C3F4C973CE2EC54A05B9 /* CommentsView.swift in Sources */ = {isa = PBXBuildFile; fileRef = 9396267E53B1B3461FC0C577 /* CommentsView.swift */; };
		1E3AD14F7D3FF1BAB6DF449A /* FoundationTests.swift in Sources */ = {isa = PBXBuildFile; fileRef = C208C9F72C78893FD833371D /* FoundationTests.swift */; };
		201028673A30D60B32A9BBD5 /* SignInScreen.swift in Sources */ = {isa = PBXBuildFile; fileRef = 345C47ED68A6A47E1E098590 /* SignInScreen.swift */; };
		21EB78033C662CC364CC5153 /* CharacterSetupScreen.swift in Sources */ = {isa = PBXBuildFile; fileRef = 28C3930AEC1E8C6C8589F81C /* CharacterSetupScreen.swift */; };
		233E01DDAE25F90B145A9805 /* OnboardingScreens.swift in Sources */ = {isa = PBXBuildFile; fileRef = B5A21E5013B128678BADE262 /* OnboardingScreens.swift */; };
		2B5A58DDB491D4F748A85C7D /* PurchaseTests.swift in Sources */ = {isa = PBXBuildFile; fileRef = CE82608187E8284B5DF1DBFE /* PurchaseTests.swift */; };
		2E695AB53740704105BFA550 /* SessionStage.swift in Sources */ = {isa = PBXBuildFile; fileRef = 963860CF3A5B30B3C5DE500A /* SessionStage.swift */; };
		303B74DAFB6D11C316E66447 /* Auth.swift in Sources */ = {isa = PBXBuildFile; fileRef = 61ECF86386EF34A310F8A144 /* Auth.swift */; };
		32DEE17A0B7FA3A9044E55F8 /* PersonalizationScreen.swift in Sources */ = {isa = PBXBuildFile; fileRef = C19F3E9125D2BFC4B79BDCA7 /* PersonalizationScreen.swift */; };
		36154ABB18E0291129EDC45B /* StoryDetailScreen.swift in Sources */ = {isa = PBXBuildFile; fileRef = 6E4E1B6C190318EDF77CD54A /* StoryDetailScreen.swift */; };
		409247813E68D393B0FBA517 /* AppConfig.swift in Sources */ = {isa = PBXBuildFile; fileRef = 3936E2851907FF6FE577EC1F /* AppConfig.swift */; };
		419F2DC7F041BE8845B8B3B6 /* Primitives.swift in Sources */ = {isa = PBXBuildFile; fileRef = 3364C351DFD9C104926F4EC2 /* Primitives.swift */; };
		41F67188EDC9C3929CF1C750 /* APIClient.swift in Sources */ = {isa = PBXBuildFile; fileRef = 74E8243255B5DED5FA9D6E33 /* APIClient.swift */; };
		42423E37F5E67BFDE4F9DC5E /* Local.xcconfig.example in Resources */ = {isa = PBXBuildFile; fileRef = 87D520DD1346F266F41E2225 /* Local.xcconfig.example */; };
		44BB002C8BBD56EC5DFB9B1F /* ReportHistoryScreen.swift in Sources */ = {isa = PBXBuildFile; fileRef = 3D8D6292B9D75DC1D12ADEC1 /* ReportHistoryScreen.swift */; };
		4866F27D3FC88B3D1A2B57E8 /* en.json in Resources */ = {isa = PBXBuildFile; fileRef = 9C7000277196C6CD988C557D /* en.json */; };
		4892C91138FCDC0EF6CCE904 /* Models.swift in Sources */ = {isa = PBXBuildFile; fileRef = A62D4263C15FF137B7C9758D /* Models.swift */; };
		4EED9BB22557588FF1B123EA /* Diagnostics.swift in Sources */ = {isa = PBXBuildFile; fileRef = D75EC8949A240D64D0B650E9 /* Diagnostics.swift */; };
		508FA1801463B9DEEA4CBE1F /* WalletScreen.swift in Sources */ = {isa = PBXBuildFile; fileRef = 6B31D5789C5DB71F78EC2A60 /* WalletScreen.swift */; };
		5F2EB5FCB4A69E8E2154347C /* WorldSheetTabs.swift in Sources */ = {isa = PBXBuildFile; fileRef = 5631B1B400A3D61BB9CD2A18 /* WorldSheetTabs.swift */; };
		60260E454762F25FEB19151D /* SessionModel.swift in Sources */ = {isa = PBXBuildFile; fileRef = 24D0CAC196C2DCEC41F99970 /* SessionModel.swift */; };
		65339CE03E19AC9950D6104E /* SavedWorldsScreen.swift in Sources */ = {isa = PBXBuildFile; fileRef = 39B36CCDCF6DD559DBE9CC62 /* SavedWorldsScreen.swift */; };
		657C06DB381139619A7FABC5 /* WorldSheetTimeline.swift in Sources */ = {isa = PBXBuildFile; fileRef = 4E10F4B0504E735DBEEBBAAD /* WorldSheetTimeline.swift */; };
		68ED749D61D833B734EE3437 /* Telemetry.swift in Sources */ = {isa = PBXBuildFile; fileRef = C20B109EA025F57C61FF770E /* Telemetry.swift */; };
		6C4131B354E4F2747CF676D8 /* Theme.swift in Sources */ = {isa = PBXBuildFile; fileRef = 0D7DDD29992AB9AE65700D7E /* Theme.swift */; };
		6E106894C3BA678CFE4541F3 /* ProfileScreen.swift in Sources */ = {isa = PBXBuildFile; fileRef = C264076B95959AD348524732 /* ProfileScreen.swift */; };
		6E54F937D1FD8A812A09D98A /* AppStore.swift in Sources */ = {isa = PBXBuildFile; fileRef = E48CB6CC290F5414ACB6B130 /* AppStore.swift */; };
		70CCCD8F167118FB5223C1B8 /* SessionFeed.swift in Sources */ = {isa = PBXBuildFile; fileRef = CC3242AF9AE411E98BBDC63F /* SessionFeed.swift */; };
		7DB44F1357282CCA0B763C79 /* CharactersScreen.swift in Sources */ = {isa = PBXBuildFile; fileRef = AD4F35EE658A2D295F02D843 /* CharactersScreen.swift */; };
		89DB08437441C705BB948737 /* AuthRestoreTests.swift in Sources */ = {isa = PBXBuildFile; fileRef = 503CCD8AC8A5D5907DD14A9D /* AuthRestoreTests.swift */; };
		8D0CCE9FDAD25563F973C40A /* Translator.swift in Sources */ = {isa = PBXBuildFile; fileRef = BA54D00F6EC27CB276F4FD20 /* Translator.swift */; };
		9040C6871F3903E3DD13B986 /* Assets.xcassets in Resources */ = {isa = PBXBuildFile; fileRef = C3E0E7A559F500F64D4CF09B /* Assets.xcassets */; };
		9E4F94CC781194F9D58142DC /* ShareScreen.swift in Sources */ = {isa = PBXBuildFile; fileRef = 030E28875DB8277118DA99D2 /* ShareScreen.swift */; };
		A05A8A3E2B6B59C2FAB43741 /* CreateScreen.swift in Sources */ = {isa = PBXBuildFile; fileRef = A39AE6951289000142FA95B7 /* CreateScreen.swift */; };
		A0657242650858F28DE0776E /* PostHog in Frameworks */ = {isa = PBXBuildFile; productRef = 4EEC5F8372C2F1E3577DDD40 /* PostHog */; };
		A0DDC93C1AE0EE44754CD171 /* Components.swift in Sources */ = {isa = PBXBuildFile; fileRef = E95A968ED6D13C7F254C0D62 /* Components.swift */; };
		A93FAAD69574D053433C9B5E /* WorldSheetScreen.swift in Sources */ = {isa = PBXBuildFile; fileRef = 5D14252E2C11E3331091356D /* WorldSheetScreen.swift */; };
		A9553C250F50AA849DE6B8A2 /* Attribution.swift in Sources */ = {isa = PBXBuildFile; fileRef = 868B9206CD1F1F86A579B82A /* Attribution.swift */; };
		AF06B25A7FEE72D0079C9F6A /* PlotbreakApp.swift in Sources */ = {isa = PBXBuildFile; fileRef = EECB01063DDAE883DB345014 /* PlotbreakApp.swift */; };
		B9C70DF579BFF8E34510BCC5 /* CommentsScreen.swift in Sources */ = {isa = PBXBuildFile; fileRef = C38AA23B8FC8D95DA7F15C1A /* CommentsScreen.swift */; };
		BAC96BDB8CAEF7BDC2BC3B14 /* PrivacyInfo.xcprivacy in Resources */ = {isa = PBXBuildFile; fileRef = B49BD1B8083B098126F1FAB5 /* PrivacyInfo.xcprivacy */; };
		BF9A179A793B5AA8788804FC /* Router.swift in Sources */ = {isa = PBXBuildFile; fileRef = E0DB67F33A34525413EFA20C /* Router.swift */; };
		C118EC4184A283AEA85AB2C8 /* SettingsScreen.swift in Sources */ = {isa = PBXBuildFile; fileRef = 3A475BDD57B6822FDD318083 /* SettingsScreen.swift */; };
		C1F13E3B9BBBCF85E31138AE /* Plotbreak.storekit in Resources */ = {isa = PBXBuildFile; fileRef = B228FF2F329E502F2D858D7D /* Plotbreak.storekit */; };
		C509A7B6E5EBAF4CD62C6F36 /* GeneratedEvents.swift in Sources */ = {isa = PBXBuildFile; fileRef = 7EA024198D0AC8C9F05F092F /* GeneratedEvents.swift */; };
		C70B2DDEF2404F6EEEBFFF1F /* SessionComposer.swift in Sources */ = {isa = PBXBuildFile; fileRef = 8D9D2BBC375F3042A1C42AF2 /* SessionComposer.swift */; };
		C94CA7E0E8AA203FCAA13896 /* ReportScreen.swift in Sources */ = {isa = PBXBuildFile; fileRef = F3BCA703A641B0752F567C68 /* ReportScreen.swift */; };
		CA96F809A47D0ACAC2130D55 /* MyInformationScreen.swift in Sources */ = {isa = PBXBuildFile; fileRef = 3FF3CA9088AD6E7AFC6991BE /* MyInformationScreen.swift */; };
		CB92ACAF2246F48C6954675E /* BadgesScreen.swift in Sources */ = {isa = PBXBuildFile; fileRef = A46E24C78BE4F30C595646D0 /* BadgesScreen.swift */; };
		CC38AAE38610FC231B5E0C63 /* Purchases.swift in Sources */ = {isa = PBXBuildFile; fileRef = E0BFBA0CD80BADAEAE409E44 /* Purchases.swift */; };
		D3A020B8146E23B6690E0A23 /* LibraryScreen.swift in Sources */ = {isa = PBXBuildFile; fileRef = 59AE93E2B965AEA2B633130F /* LibraryScreen.swift */; };
		DDE90FB50E0FE3240A9BB2E3 /* SessionScreen.swift in Sources */ = {isa = PBXBuildFile; fileRef = 5B8E8EF9CDE7EB8B53453459 /* SessionScreen.swift */; };
		DF3566E4DA4DB88B778C0CA9 /* DiscoverScreen.swift in Sources */ = {isa = PBXBuildFile; fileRef = 748A3B47451A87C277670444 /* DiscoverScreen.swift */; };
		EA4CBEE11F2EFD2979523D13 /* FlowLayout.swift in Sources */ = {isa = PBXBuildFile; fileRef = 0211E01F516253ADF946344D /* FlowLayout.swift */; };
		F53C0AD2A89F261070AA2B0B /* GoogleSignIn in Frameworks */ = {isa = PBXBuildFile; productRef = EB321C91A034368F072506DE /* GoogleSignIn */; };
		FBC98F24A8C946047B10EAC1 /* DiscoverSnapshotTests.swift in Sources */ = {isa = PBXBuildFile; fileRef = BA90A154FFF4439F0E8FB8A4 /* DiscoverSnapshotTests.swift */; };
		FC377CAB5205A851990919C4 /* AppsFlyerLib in Frameworks */ = {isa = PBXBuildFile; productRef = 0B226F9B7345A3A03C4F9693 /* AppsFlyerLib */; };
/* End PBXBuildFile section */

/* Begin PBXContainerItemProxy section */
		353671A402D68A7A5E092A8C /* PBXContainerItemProxy */ = {
			isa = PBXContainerItemProxy;
			containerPortal = ACF0D55B947A55FE77103AAE /* Project object */;
			proxyType = 1;
			remoteGlobalIDString = CBE5F744FDB74B8F65F886CD;
			remoteInfo = Plotbreak;
		};
/* End PBXContainerItemProxy section */

/* Begin PBXFileReference section */
		0211E01F516253ADF946344D /* FlowLayout.swift */ = {isa = PBXFileReference; lastKnownFileType = sourcecode.swift; path = FlowLayout.swift; sourceTree = "<group>"; };
		030E28875DB8277118DA99D2 /* ShareScreen.swift */ = {isa = PBXFileReference; lastKnownFileType = sourcecode.swift; path = ShareScreen.swift; sourceTree = "<group>"; };
		0D7DDD29992AB9AE65700D7E /* Theme.swift */ = {isa = PBXFileReference; lastKnownFileType = sourcecode.swift; path = Theme.swift; sourceTree = "<group>"; };
		1706C60F3BB502765ABC8DC0 /* PlotbreakTests.xctest */ = {isa = PBXFileReference; includeInIndex = 0; lastKnownFileType = wrapper.cfbundle; path = PlotbreakTests.xctest; sourceTree = BUILT_PRODUCTS_DIR; };
		24D0CAC196C2DCEC41F99970 /* SessionModel.swift */ = {isa = PBXFileReference; lastKnownFileType = sourcecode.swift; path = SessionModel.swift; sourceTree = "<group>"; };
		28C3930AEC1E8C6C8589F81C /* CharacterSetupScreen.swift */ = {isa = PBXFileReference; lastKnownFileType = sourcecode.swift; path = CharacterSetupScreen.swift; sourceTree = "<group>"; };
		3364C351DFD9C104926F4EC2 /* Primitives.swift */ = {isa = PBXFileReference; lastKnownFileType = sourcecode.swift; path = Primitives.swift; sourceTree = "<group>"; };
		345C47ED68A6A47E1E098590 /* SignInScreen.swift */ = {isa = PBXFileReference; lastKnownFileType = sourcecode.swift; path = SignInScreen.swift; sourceTree = "<group>"; };
		35ADB173300E4A438F29547D /* fr.json */ = {isa = PBXFileReference; lastKnownFileType = text.json; path = fr.json; sourceTree = "<group>"; };
		3936E2851907FF6FE577EC1F /* AppConfig.swift */ = {isa = PBXFileReference; lastKnownFileType = sourcecode.swift; path = AppConfig.swift; sourceTree = "<group>"; };
		39B36CCDCF6DD559DBE9CC62 /* SavedWorldsScreen.swift */ = {isa = PBXFileReference; lastKnownFileType = sourcecode.swift; path = SavedWorldsScreen.swift; sourceTree = "<group>"; };
		3A475BDD57B6822FDD318083 /* SettingsScreen.swift */ = {isa = PBXFileReference; lastKnownFileType = sourcecode.swift; path = SettingsScreen.swift; sourceTree = "<group>"; };
		3D8D6292B9D75DC1D12ADEC1 /* ReportHistoryScreen.swift */ = {isa = PBXFileReference; lastKnownFileType = sourcecode.swift; path = ReportHistoryScreen.swift; sourceTree = "<group>"; };
		3FF3CA9088AD6E7AFC6991BE /* MyInformationScreen.swift */ = {isa = PBXFileReference; lastKnownFileType = sourcecode.swift; path = MyInformationScreen.swift; sourceTree = "<group>"; };
		45F0B12843CFCE2E02E8FDB7 /* DiscoverSnapshot.swift */ = {isa = PBXFileReference; lastKnownFileType = sourcecode.swift; path = DiscoverSnapshot.swift; sourceTree = "<group>"; };
		4E10F4B0504E735DBEEBBAAD /* WorldSheetTimeline.swift */ = {isa = PBXFileReference; lastKnownFileType = sourcecode.swift; path = WorldSheetTimeline.swift; sourceTree = "<group>"; };
		5005D04B8F30B42225FD9468 /* SearchScreen.swift */ = {isa = PBXFileReference; lastKnownFileType = sourcecode.swift; path = SearchScreen.swift; sourceTree = "<group>"; };
		503CCD8AC8A5D5907DD14A9D /* AuthRestoreTests.swift */ = {isa = PBXFileReference; lastKnownFileType = sourcecode.swift; path = AuthRestoreTests.swift; sourceTree = "<group>"; };
		5631B1B400A3D61BB9CD2A18 /* WorldSheetTabs.swift */ = {isa = PBXFileReference; lastKnownFileType = sourcecode.swift; path = WorldSheetTabs.swift; sourceTree = "<group>"; };
		59AE93E2B965AEA2B633130F /* LibraryScreen.swift */ = {isa = PBXFileReference; lastKnownFileType = sourcecode.swift; path = LibraryScreen.swift; sourceTree = "<group>"; };
		5B8E8EF9CDE7EB8B53453459 /* SessionScreen.swift */ = {isa = PBXFileReference; lastKnownFileType = sourcecode.swift; path = SessionScreen.swift; sourceTree = "<group>"; };
		5D0B1E1EFC52A50A9202026E /* Info.plist */ = {isa = PBXFileReference; lastKnownFileType = text.plist; path = Info.plist; sourceTree = "<group>"; };
		5D14252E2C11E3331091356D /* WorldSheetScreen.swift */ = {isa = PBXFileReference; lastKnownFileType = sourcecode.swift; path = WorldSheetScreen.swift; sourceTree = "<group>"; };
		61ECF86386EF34A310F8A144 /* Auth.swift */ = {isa = PBXFileReference; lastKnownFileType = sourcecode.swift; path = Auth.swift; sourceTree = "<group>"; };
		6B31D5789C5DB71F78EC2A60 /* WalletScreen.swift */ = {isa = PBXFileReference; lastKnownFileType = sourcecode.swift; path = WalletScreen.swift; sourceTree = "<group>"; };
		6E4E1B6C190318EDF77CD54A /* StoryDetailScreen.swift */ = {isa = PBXFileReference; lastKnownFileType = sourcecode.swift; path = StoryDetailScreen.swift; sourceTree = "<group>"; };
		7062C42A778A06C894C39944 /* Debug.xcconfig */ = {isa = PBXFileReference; lastKnownFileType = text.xcconfig; path = Debug.xcconfig; sourceTree = "<group>"; };
		748A3B47451A87C277670444 /* DiscoverScreen.swift */ = {isa = PBXFileReference; lastKnownFileType = sourcecode.swift; path = DiscoverScreen.swift; sourceTree = "<group>"; };
		74E8243255B5DED5FA9D6E33 /* APIClient.swift */ = {isa = PBXFileReference; lastKnownFileType = sourcecode.swift; path = APIClient.swift; sourceTree = "<group>"; };
		7EA024198D0AC8C9F05F092F /* GeneratedEvents.swift */ = {isa = PBXFileReference; lastKnownFileType = sourcecode.swift; path = GeneratedEvents.swift; sourceTree = "<group>"; };
		868B9206CD1F1F86A579B82A /* Attribution.swift */ = {isa = PBXFileReference; lastKnownFileType = sourcecode.swift; path = Attribution.swift; sourceTree = "<group>"; };
		87D520DD1346F266F41E2225 /* Local.xcconfig.example */ = {isa = PBXFileReference; path = Local.xcconfig.example; sourceTree = "<group>"; };
		8B46E121F869C497A6CABA0E /* Plotbreak.app */ = {isa = PBXFileReference; includeInIndex = 0; lastKnownFileType = wrapper.application; path = Plotbreak.app; sourceTree = BUILT_PRODUCTS_DIR; };
		8D9D2BBC375F3042A1C42AF2 /* SessionComposer.swift */ = {isa = PBXFileReference; lastKnownFileType = sourcecode.swift; path = SessionComposer.swift; sourceTree = "<group>"; };
		9396267E53B1B3461FC0C577 /* CommentsView.swift */ = {isa = PBXFileReference; lastKnownFileType = sourcecode.swift; path = CommentsView.swift; sourceTree = "<group>"; };
		963860CF3A5B30B3C5DE500A /* SessionStage.swift */ = {isa = PBXFileReference; lastKnownFileType = sourcecode.swift; path = SessionStage.swift; sourceTree = "<group>"; };
		9C7000277196C6CD988C557D /* en.json */ = {isa = PBXFileReference; lastKnownFileType = text.json; path = en.json; sourceTree = "<group>"; };
		A39AE6951289000142FA95B7 /* CreateScreen.swift */ = {isa = PBXFileReference; lastKnownFileType = sourcecode.swift; path = CreateScreen.swift; sourceTree = "<group>"; };
		A46E24C78BE4F30C595646D0 /* BadgesScreen.swift */ = {isa = PBXFileReference; lastKnownFileType = sourcecode.swift; path = BadgesScreen.swift; sourceTree = "<group>"; };
		A62D4263C15FF137B7C9758D /* Models.swift */ = {isa = PBXFileReference; lastKnownFileType = sourcecode.swift; path = Models.swift; sourceTree = "<group>"; };
		AD4F35EE658A2D295F02D843 /* CharactersScreen.swift */ = {isa = PBXFileReference; lastKnownFileType = sourcecode.swift; path = CharactersScreen.swift; sourceTree = "<group>"; };
		B07870FFBF281DB3DBF2DA3E /* Release.xcconfig */ = {isa = PBXFileReference; lastKnownFileType = text.xcconfig; path = Release.xcconfig; sourceTree = "<group>"; };
		B228FF2F329E502F2D858D7D /* Plotbreak.storekit */ = {isa = PBXFileReference; path = Plotbreak.storekit; sourceTree = "<group>"; };
		B49BD1B8083B098126F1FAB5 /* PrivacyInfo.xcprivacy */ = {isa = PBXFileReference; path = PrivacyInfo.xcprivacy; sourceTree = "<group>"; };
		B5A21E5013B128678BADE262 /* OnboardingScreens.swift */ = {isa = PBXFileReference; lastKnownFileType = sourcecode.swift; path = OnboardingScreens.swift; sourceTree = "<group>"; };
		BA54D00F6EC27CB276F4FD20 /* Translator.swift */ = {isa = PBXFileReference; lastKnownFileType = sourcecode.swift; path = Translator.swift; sourceTree = "<group>"; };
		BA90A154FFF4439F0E8FB8A4 /* DiscoverSnapshotTests.swift */ = {isa = PBXFileReference; lastKnownFileType = sourcecode.swift; path = DiscoverSnapshotTests.swift; sourceTree = "<group>"; };
		C19F3E9125D2BFC4B79BDCA7 /* PersonalizationScreen.swift */ = {isa = PBXFileReference; lastKnownFileType = sourcecode.swift; path = PersonalizationScreen.swift; sourceTree = "<group>"; };
		C208C9F72C78893FD833371D /* FoundationTests.swift */ = {isa = PBXFileReference; lastKnownFileType = sourcecode.swift; path = FoundationTests.swift; sourceTree = "<group>"; };
		C20B109EA025F57C61FF770E /* Telemetry.swift */ = {isa = PBXFileReference; lastKnownFileType = sourcecode.swift; path = Telemetry.swift; sourceTree = "<group>"; };
		C264076B95959AD348524732 /* ProfileScreen.swift */ = {isa = PBXFileReference; lastKnownFileType = sourcecode.swift; path = ProfileScreen.swift; sourceTree = "<group>"; };
		C38AA23B8FC8D95DA7F15C1A /* CommentsScreen.swift */ = {isa = PBXFileReference; lastKnownFileType = sourcecode.swift; path = CommentsScreen.swift; sourceTree = "<group>"; };
		C3E0E7A559F500F64D4CF09B /* Assets.xcassets */ = {isa = PBXFileReference; lastKnownFileType = folder.assetcatalog; path = Assets.xcassets; sourceTree = "<group>"; };
		CC3242AF9AE411E98BBDC63F /* SessionFeed.swift */ = {isa = PBXFileReference; lastKnownFileType = sourcecode.swift; path = SessionFeed.swift; sourceTree = "<group>"; };
		CE82608187E8284B5DF1DBFE /* PurchaseTests.swift */ = {isa = PBXFileReference; lastKnownFileType = sourcecode.swift; path = PurchaseTests.swift; sourceTree = "<group>"; };
		D75EC8949A240D64D0B650E9 /* Diagnostics.swift */ = {isa = PBXFileReference; lastKnownFileType = sourcecode.swift; path = Diagnostics.swift; sourceTree = "<group>"; };
		D971192A0E678F7F100B4E6B /* Plotbreak.entitlements */ = {isa = PBXFileReference; lastKnownFileType = text.plist.entitlements; path = Plotbreak.entitlements; sourceTree = "<group>"; };
		E0BFBA0CD80BADAEAE409E44 /* Purchases.swift */ = {isa = PBXFileReference; lastKnownFileType = sourcecode.swift; path = Purchases.swift; sourceTree = "<group>"; };
		E0DB67F33A34525413EFA20C /* Router.swift */ = {isa = PBXFileReference; lastKnownFileType = sourcecode.swift; path = Router.swift; sourceTree = "<group>"; };
		E48CB6CC290F5414ACB6B130 /* AppStore.swift */ = {isa = PBXFileReference; lastKnownFileType = sourcecode.swift; path = AppStore.swift; sourceTree = "<group>"; };
		E95A968ED6D13C7F254C0D62 /* Components.swift */ = {isa = PBXFileReference; lastKnownFileType = sourcecode.swift; path = Components.swift; sourceTree = "<group>"; };
		EECB01063DDAE883DB345014 /* PlotbreakApp.swift */ = {isa = PBXFileReference; lastKnownFileType = sourcecode.swift; path = PlotbreakApp.swift; sourceTree = "<group>"; };
		F3BCA703A641B0752F567C68 /* ReportScreen.swift */ = {isa = PBXFileReference; lastKnownFileType = sourcecode.swift; path = ReportScreen.swift; sourceTree = "<group>"; };
/* End PBXFileReference section */

/* Begin PBXFrameworksBuildPhase section */
		EABBBAE9C4DB1BCCA44AD41E /* Frameworks */ = {
			isa = PBXFrameworksBuildPhase;
			buildActionMask = 2147483647;
			files = (
				F53C0AD2A89F261070AA2B0B /* GoogleSignIn in Frameworks */,
				FC377CAB5205A851990919C4 /* AppsFlyerLib in Frameworks */,
				A0657242650858F28DE0776E /* PostHog in Frameworks */,
			);
			runOnlyForDeploymentPostprocessing = 0;
		};
/* End PBXFrameworksBuildPhase section */

/* Begin PBXGroup section */
		0A50A0166437F257165B27CF /* Products */ = {
			isa = PBXGroup;
			children = (
				8B46E121F869C497A6CABA0E /* Plotbreak.app */,
				1706C60F3BB502765ABC8DC0 /* PlotbreakTests.xctest */,
			);
			name = Products;
			sourceTree = "<group>";
		};
		0F7B6ABA7A8C8CECFA9C714D /* Share */ = {
			isa = PBXGroup;
			children = (
				030E28875DB8277118DA99D2 /* ShareScreen.swift */,
			);
			path = Share;
			sourceTree = "<group>";
		};
		10FE9B6510F31200C63677AC /* WorldSheet */ = {
			isa = PBXGroup;
			children = (
				5D14252E2C11E3331091356D /* WorldSheetScreen.swift */,
				5631B1B400A3D61BB9CD2A18 /* WorldSheetTabs.swift */,
				4E10F4B0504E735DBEEBBAAD /* WorldSheetTimeline.swift */,
			);
			path = WorldSheet;
			sourceTree = "<group>";
		};
		17D10EA4EC20B728F704F16E /* Analytics */ = {
			isa = PBXGroup;
			children = (
				868B9206CD1F1F86A579B82A /* Attribution.swift */,
				7EA024198D0AC8C9F05F092F /* GeneratedEvents.swift */,
				C20B109EA025F57C61FF770E /* Telemetry.swift */,
			);
			path = Analytics;
			sourceTree = "<group>";
		};
		23B14DBA8A81C41BB25A3C52 /* Badges */ = {
			isa = PBXGroup;
			children = (
				A46E24C78BE4F30C595646D0 /* BadgesScreen.swift */,
			);
			path = Badges;
			sourceTree = "<group>";
		};
		38D58215F382E6BB907FFF1F /* Plotbreak */ = {
			isa = PBXGroup;
			children = (
				5D0B1E1EFC52A50A9202026E /* Info.plist */,
				D971192A0E678F7F100B4E6B /* Plotbreak.entitlements */,
				B49BD1B8083B098126F1FAB5 /* PrivacyInfo.xcprivacy */,
				17D10EA4EC20B728F704F16E /* Analytics */,
				D051448F8A8839ABE1D6147C /* App */,
				4B7D2617172F6F9AD6CEB2EB /* Auth */,
				B0C669659C339FE2187DFB51 /* Config */,
				A5C8E392B25A730B449346CF /* I18n */,
				BE96A028B08570AAA8F6A1D2 /* Models */,
				E86DEB8E7AAD8DD7F9FCC000 /* Networking */,
				F91FF0908DBE001712E62ED7 /* Resources */,
				AEBCFC44247395828BE01E76 /* Screens */,
				82745E8C04D9D6F6A669B107 /* State */,
				820950F1740C3D06A20E6D3A /* Store */,
				7CD459DD2376A305A03190AD /* Theme */,
			);
			path = Plotbreak;
			sourceTree = "<group>";
		};
		3B92CC0ECA57EFD9E9058F24 = {
			isa = PBXGroup;
			children = (
				B228FF2F329E502F2D858D7D /* Plotbreak.storekit */,
				38D58215F382E6BB907FFF1F /* Plotbreak */,
				3C2E40B0C2FC514A5F9196BF /* PlotbreakTests */,
				0A50A0166437F257165B27CF /* Products */,
			);
			sourceTree = "<group>";
		};
		3C2E40B0C2FC514A5F9196BF /* PlotbreakTests */ = {
			isa = PBXGroup;
			children = (
				503CCD8AC8A5D5907DD14A9D /* AuthRestoreTests.swift */,
				BA90A154FFF4439F0E8FB8A4 /* DiscoverSnapshotTests.swift */,
				C208C9F72C78893FD833371D /* FoundationTests.swift */,
				CE82608187E8284B5DF1DBFE /* PurchaseTests.swift */,
			);
			path = PlotbreakTests;
			sourceTree = "<group>";
		};
		422B7FE2CC25D7732FED8D69 /* Settings */ = {
			isa = PBXGroup;
			children = (
				3FF3CA9088AD6E7AFC6991BE /* MyInformationScreen.swift */,
				C19F3E9125D2BFC4B79BDCA7 /* PersonalizationScreen.swift */,
				3A475BDD57B6822FDD318083 /* SettingsScreen.swift */,
			);
			path = Settings;
			sourceTree = "<group>";
		};
		4B7D2617172F6F9AD6CEB2EB /* Auth */ = {
			isa = PBXGroup;
			children = (
				61ECF86386EF34A310F8A144 /* Auth.swift */,
			);
			path = Auth;
			sourceTree = "<group>";
		};
		5E29A9FE8883E88DFCF80343 /* Characters */ = {
			isa = PBXGroup;
			children = (
				AD4F35EE658A2D295F02D843 /* CharactersScreen.swift */,
			);
			path = Characters;
			sourceTree = "<group>";
		};
		75F55F0265517857C0FE2E07 /* Session */ = {
			isa = PBXGroup;
			children = (
				8D9D2BBC375F3042A1C42AF2 /* SessionComposer.swift */,
				CC3242AF9AE411E98BBDC63F /* SessionFeed.swift */,
				24D0CAC196C2DCEC41F99970 /* SessionModel.swift */,
				5B8E8EF9CDE7EB8B53453459 /* SessionScreen.swift */,
				963860CF3A5B30B3C5DE500A /* SessionStage.swift */,
			);
			path = Session;
			sourceTree = "<group>";
		};
		7B77224024E35442A651EDA5 /* Comments */ = {
			isa = PBXGroup;
			children = (
				C38AA23B8FC8D95DA7F15C1A /* CommentsScreen.swift */,
				9396267E53B1B3461FC0C577 /* CommentsView.swift */,
			);
			path = Comments;
			sourceTree = "<group>";
		};
		7CD459DD2376A305A03190AD /* Theme */ = {
			isa = PBXGroup;
			children = (
				E95A968ED6D13C7F254C0D62 /* Components.swift */,
				0211E01F516253ADF946344D /* FlowLayout.swift */,
				3364C351DFD9C104926F4EC2 /* Primitives.swift */,
				0D7DDD29992AB9AE65700D7E /* Theme.swift */,
			);
			path = Theme;
			sourceTree = "<group>";
		};
		801D53C0123578669215EF95 /* StoryDetail */ = {
			isa = PBXGroup;
			children = (
				6E4E1B6C190318EDF77CD54A /* StoryDetailScreen.swift */,
			);
			path = StoryDetail;
			sourceTree = "<group>";
		};
		820950F1740C3D06A20E6D3A /* Store */ = {
			isa = PBXGroup;
			children = (
				E0BFBA0CD80BADAEAE409E44 /* Purchases.swift */,
			);
			path = Store;
			sourceTree = "<group>";
		};
		82745E8C04D9D6F6A669B107 /* State */ = {
			isa = PBXGroup;
			children = (
				E48CB6CC290F5414ACB6B130 /* AppStore.swift */,
				45F0B12843CFCE2E02E8FDB7 /* DiscoverSnapshot.swift */,
			);
			path = State;
			sourceTree = "<group>";
		};
		95B06BEB375F7FE2C767C9C7 /* CharacterSetup */ = {
			isa = PBXGroup;
			children = (
				28C3930AEC1E8C6C8589F81C /* CharacterSetupScreen.swift */,
			);
			path = CharacterSetup;
			sourceTree = "<group>";
		};
		9B9DCD759E50B48E86B22E45 /* Discover */ = {
			isa = PBXGroup;
			children = (
				748A3B47451A87C277670444 /* DiscoverScreen.swift */,
				5005D04B8F30B42225FD9468 /* SearchScreen.swift */,
			);
			path = Discover;
			sourceTree = "<group>";
		};
		A5C8E392B25A730B449346CF /* I18n */ = {
			isa = PBXGroup;
			children = (
				BA54D00F6EC27CB276F4FD20 /* Translator.swift */,
			);
			path = I18n;
			sourceTree = "<group>";
		};
		A840C9C137F2659451521C58 /* Library */ = {
			isa = PBXGroup;
			children = (
				59AE93E2B965AEA2B633130F /* LibraryScreen.swift */,
			);
			path = Library;
			sourceTree = "<group>";
		};
		AEBCFC44247395828BE01E76 /* Screens */ = {
			isa = PBXGroup;
			children = (
				23B14DBA8A81C41BB25A3C52 /* Badges */,
				5E29A9FE8883E88DFCF80343 /* Characters */,
				95B06BEB375F7FE2C767C9C7 /* CharacterSetup */,
				7B77224024E35442A651EDA5 /* Comments */,
				9B9DCD759E50B48E86B22E45 /* Discover */,
				A840C9C137F2659451521C58 /* Library */,
				EC341F2DA685C75FD3FDC2DA /* Misc */,
				B6A53039136CEB7C7EC44727 /* Onboarding */,
				B19D9FEE3CACC85703946C27 /* Profile */,
				75F55F0265517857C0FE2E07 /* Session */,
				422B7FE2CC25D7732FED8D69 /* Settings */,
				0F7B6ABA7A8C8CECFA9C714D /* Share */,
				801D53C0123578669215EF95 /* StoryDetail */,
				D8D1BC45B4C7848CED56A825 /* Wallet */,
				10FE9B6510F31200C63677AC /* WorldSheet */,
			);
			path = Screens;
			sourceTree = "<group>";
		};
		B0C669659C339FE2187DFB51 /* Config */ = {
			isa = PBXGroup;
			children = (
				3936E2851907FF6FE577EC1F /* AppConfig.swift */,
				7062C42A778A06C894C39944 /* Debug.xcconfig */,
				D75EC8949A240D64D0B650E9 /* Diagnostics.swift */,
				87D520DD1346F266F41E2225 /* Local.xcconfig.example */,
				B07870FFBF281DB3DBF2DA3E /* Release.xcconfig */,
			);
			path = Config;
			sourceTree = "<group>";
		};
		B19D9FEE3CACC85703946C27 /* Profile */ = {
			isa = PBXGroup;
			children = (
				C264076B95959AD348524732 /* ProfileScreen.swift */,
				39B36CCDCF6DD559DBE9CC62 /* SavedWorldsScreen.swift */,
			);
			path = Profile;
			sourceTree = "<group>";
		};
		B6A53039136CEB7C7EC44727 /* Onboarding */ = {
			isa = PBXGroup;
			children = (
				B5A21E5013B128678BADE262 /* OnboardingScreens.swift */,
			);
			path = Onboarding;
			sourceTree = "<group>";
		};
		BE96A028B08570AAA8F6A1D2 /* Models */ = {
			isa = PBXGroup;
			children = (
				A62D4263C15FF137B7C9758D /* Models.swift */,
			);
			path = Models;
			sourceTree = "<group>";
		};
		D051448F8A8839ABE1D6147C /* App */ = {
			isa = PBXGroup;
			children = (
				EECB01063DDAE883DB345014 /* PlotbreakApp.swift */,
				E0DB67F33A34525413EFA20C /* Router.swift */,
			);
			path = App;
			sourceTree = "<group>";
		};
		D8D1BC45B4C7848CED56A825 /* Wallet */ = {
			isa = PBXGroup;
			children = (
				6B31D5789C5DB71F78EC2A60 /* WalletScreen.swift */,
			);
			path = Wallet;
			sourceTree = "<group>";
		};
		E86DEB8E7AAD8DD7F9FCC000 /* Networking */ = {
			isa = PBXGroup;
			children = (
				74E8243255B5DED5FA9D6E33 /* APIClient.swift */,
			);
			path = Networking;
			sourceTree = "<group>";
		};
		EC341F2DA685C75FD3FDC2DA /* Misc */ = {
			isa = PBXGroup;
			children = (
				A39AE6951289000142FA95B7 /* CreateScreen.swift */,
				3D8D6292B9D75DC1D12ADEC1 /* ReportHistoryScreen.swift */,
				F3BCA703A641B0752F567C68 /* ReportScreen.swift */,
				345C47ED68A6A47E1E098590 /* SignInScreen.swift */,
			);
			path = Misc;
			sourceTree = "<group>";
		};
		F91FF0908DBE001712E62ED7 /* Resources */ = {
			isa = PBXGroup;
			children = (
				C3E0E7A559F500F64D4CF09B /* Assets.xcassets */,
				FDA15D133620CDEF14B23350 /* i18n */,
			);
			path = Resources;
			sourceTree = "<group>";
		};
		FDA15D133620CDEF14B23350 /* i18n */ = {
			isa = PBXGroup;
			children = (
				9C7000277196C6CD988C557D /* en.json */,
				35ADB173300E4A438F29547D /* fr.json */,
			);
			path = i18n;
			sourceTree = "<group>";
		};
/* End PBXGroup section */

/* Begin PBXNativeTarget section */
		383F82EFBD7D5F83D0FEC717 /* PlotbreakTests */ = {
			isa = PBXNativeTarget;
			buildConfigurationList = 4ED71FF82C480E432C065E3C /* Build configuration list for PBXNativeTarget "PlotbreakTests" */;
			buildPhases = (
				3C0F73F326CD8DDAA4D5F02D /* Sources */,
				E4943B290172BA6549B587C5 /* Resources */,
			);
			buildRules = (
			);
			dependencies = (
				06D553999ADCE7406C0D07B8 /* PBXTargetDependency */,
			);
			name = PlotbreakTests;
			packageProductDependencies = (
			);
			productName = PlotbreakTests;
			productReference = 1706C60F3BB502765ABC8DC0 /* PlotbreakTests.xctest */;
			productType = "com.apple.product-type.bundle.unit-test";
		};
		CBE5F744FDB74B8F65F886CD /* Plotbreak */ = {
			isa = PBXNativeTarget;
			buildConfigurationList = 5C1C30F53A8D959E728580F3 /* Build configuration list for PBXNativeTarget "Plotbreak" */;
			buildPhases = (
				8BB89537866B55447EFD93AD /* Export i18n catalog */,
				5A33694A87157C6F0C23ADA4 /* Export analytics events */,
				CF34DCFA4CA6F651D74DB470 /* Sources */,
				B084247E63AB17216DCF4FE7 /* Resources */,
				EABBBAE9C4DB1BCCA44AD41E /* Frameworks */,
			);
			buildRules = (
			);
			dependencies = (
			);
			name = Plotbreak;
			packageProductDependencies = (
				EB321C91A034368F072506DE /* GoogleSignIn */,
				0B226F9B7345A3A03C4F9693 /* AppsFlyerLib */,
				4EEC5F8372C2F1E3577DDD40 /* PostHog */,
			);
			productName = Plotbreak;
			productReference = 8B46E121F869C497A6CABA0E /* Plotbreak.app */;
			productType = "com.apple.product-type.application";
		};
/* End PBXNativeTarget section */

/* Begin PBXProject section */
		ACF0D55B947A55FE77103AAE /* Project object */ = {
			isa = PBXProject;
			attributes = {
				BuildIndependentTargetsInParallel = YES;
				LastUpgradeCheck = 1600;
				TargetAttributes = {
					383F82EFBD7D5F83D0FEC717 = {
						DevelopmentTeam = Q7ZLXMG4SB;
						ProvisioningStyle = Automatic;
					};
					CBE5F744FDB74B8F65F886CD = {
						DevelopmentTeam = Q7ZLXMG4SB;
						ProvisioningStyle = Automatic;
					};
				};
			};
			buildConfigurationList = C4850E4422890A8BFA67D8A0 /* Build configuration list for PBXProject "Plotbreak" */;
			developmentRegion = en;
			hasScannedForEncodings = 0;
			knownRegions = (
				Base,
				en,
			);
			mainGroup = 3B92CC0ECA57EFD9E9058F24;
			minimizedProjectReferenceProxies = 1;
			packageReferences = (
				14819C7CD5A1335CE058412E /* XCRemoteSwiftPackageReference "AppsFlyerFramework" */,
				FD8A8F1F4A0647BF7FC6FD9B /* XCRemoteSwiftPackageReference "GoogleSignIn-iOS" */,
				EF3C90BBF7A106F654787396 /* XCRemoteSwiftPackageReference "posthog-ios" */,
			);
			preferredProjectObjectVersion = 77;
			productRefGroup = 0A50A0166437F257165B27CF /* Products */;
			projectDirPath = "";
			projectRoot = "";
			targets = (
				CBE5F744FDB74B8F65F886CD /* Plotbreak */,
				383F82EFBD7D5F83D0FEC717 /* PlotbreakTests */,
			);
		};
/* End PBXProject section */

/* Begin PBXResourcesBuildPhase section */
		B084247E63AB17216DCF4FE7 /* Resources */ = {
			isa = PBXResourcesBuildPhase;
			buildActionMask = 2147483647;
			files = (
				9040C6871F3903E3DD13B986 /* Assets.xcassets in Resources */,
				42423E37F5E67BFDE4F9DC5E /* Local.xcconfig.example in Resources */,
				BAC96BDB8CAEF7BDC2BC3B14 /* PrivacyInfo.xcprivacy in Resources */,
				4866F27D3FC88B3D1A2B57E8 /* en.json in Resources */,
				0606CD376ED4FED9712641E0 /* fr.json in Resources */,
			);
			runOnlyForDeploymentPostprocessing = 0;
		};
		E4943B290172BA6549B587C5 /* Resources */ = {
			isa = PBXResourcesBuildPhase;
			buildActionMask = 2147483647;
			files = (
				C1F13E3B9BBBCF85E31138AE /* Plotbreak.storekit in Resources */,
			);
			runOnlyForDeploymentPostprocessing = 0;
		};
/* End PBXResourcesBuildPhase section */

/* Begin PBXShellScriptBuildPhase section */
		5A33694A87157C6F0C23ADA4 /* Export analytics events */ = {
			isa = PBXShellScriptBuildPhase;
			alwaysOutOfDate = 1;
			buildActionMask = 2147483647;
			files = (
			);
			inputFileListPaths = (
			);
			inputPaths = (
			);
			name = "Export analytics events";
			outputFileListPaths = (
			);
			outputPaths = (
			);
			runOnlyForDeploymentPostprocessing = 0;
			shellPath = /bin/sh;
			shellScript = "cd \"$SRCROOT/../..\"\nif command -v node >/dev/null 2>&1 && [ -d node_modules ]; then\n  node apps/ios/scripts/export-events.mjs || echo \"warning: event export failed, using committed Swift\"\nfi\n";
		};
		8BB89537866B55447EFD93AD /* Export i18n catalog */ = {
			isa = PBXShellScriptBuildPhase;
			alwaysOutOfDate = 1;
			buildActionMask = 2147483647;
			files = (
			);
			inputFileListPaths = (
			);
			inputPaths = (
			);
			name = "Export i18n catalog";
			outputFileListPaths = (
			);
			outputPaths = (
			);
			runOnlyForDeploymentPostprocessing = 0;
			shellPath = /bin/sh;
			shellScript = "cd \"$SRCROOT/../..\"\nif command -v node >/dev/null 2>&1 && [ -d node_modules ]; then\n  node apps/ios/scripts/export-catalog.mjs || echo \"warning: catalog export failed, using committed JSON\"\nfi\n";
		};
/* End PBXShellScriptBuildPhase section */

/* Begin PBXSourcesBuildPhase section */
		3C0F73F326CD8DDAA4D5F02D /* Sources */ = {
			isa = PBXSourcesBuildPhase;
			buildActionMask = 2147483647;
			files = (
				89DB08437441C705BB948737 /* AuthRestoreTests.swift in Sources */,
				FBC98F24A8C946047B10EAC1 /* DiscoverSnapshotTests.swift in Sources */,
				1E3AD14F7D3FF1BAB6DF449A /* FoundationTests.swift in Sources */,
				2B5A58DDB491D4F748A85C7D /* PurchaseTests.swift in Sources */,
			);
			runOnlyForDeploymentPostprocessing = 0;
		};
		CF34DCFA4CA6F651D74DB470 /* Sources */ = {
			isa = PBXSourcesBuildPhase;
			buildActionMask = 2147483647;
			files = (
				41F67188EDC9C3929CF1C750 /* APIClient.swift in Sources */,
				409247813E68D393B0FBA517 /* AppConfig.swift in Sources */,
				6E54F937D1FD8A812A09D98A /* AppStore.swift in Sources */,
				A9553C250F50AA849DE6B8A2 /* Attribution.swift in Sources */,
				303B74DAFB6D11C316E66447 /* Auth.swift in Sources */,
				CB92ACAF2246F48C6954675E /* BadgesScreen.swift in Sources */,
				21EB78033C662CC364CC5153 /* CharacterSetupScreen.swift in Sources */,
				7DB44F1357282CCA0B763C79 /* CharactersScreen.swift in Sources */,
				B9C70DF579BFF8E34510BCC5 /* CommentsScreen.swift in Sources */,
				1829C3F4C973CE2EC54A05B9 /* CommentsView.swift in Sources */,
				A0DDC93C1AE0EE44754CD171 /* Components.swift in Sources */,
				A05A8A3E2B6B59C2FAB43741 /* CreateScreen.swift in Sources */,
				4EED9BB22557588FF1B123EA /* Diagnostics.swift in Sources */,
				DF3566E4DA4DB88B778C0CA9 /* DiscoverScreen.swift in Sources */,
				0E44409BA62A8F55FA9B2290 /* DiscoverSnapshot.swift in Sources */,
				EA4CBEE11F2EFD2979523D13 /* FlowLayout.swift in Sources */,
				C509A7B6E5EBAF4CD62C6F36 /* GeneratedEvents.swift in Sources */,
				D3A020B8146E23B6690E0A23 /* LibraryScreen.swift in Sources */,
				4892C91138FCDC0EF6CCE904 /* Models.swift in Sources */,
				CA96F809A47D0ACAC2130D55 /* MyInformationScreen.swift in Sources */,
				233E01DDAE25F90B145A9805 /* OnboardingScreens.swift in Sources */,
				32DEE17A0B7FA3A9044E55F8 /* PersonalizationScreen.swift in Sources */,
				AF06B25A7FEE72D0079C9F6A /* PlotbreakApp.swift in Sources */,
				419F2DC7F041BE8845B8B3B6 /* Primitives.swift in Sources */,
				6E106894C3BA678CFE4541F3 /* ProfileScreen.swift in Sources */,
				CC38AAE38610FC231B5E0C63 /* Purchases.swift in Sources */,
				44BB002C8BBD56EC5DFB9B1F /* ReportHistoryScreen.swift in Sources */,
				C94CA7E0E8AA203FCAA13896 /* ReportScreen.swift in Sources */,
				BF9A179A793B5AA8788804FC /* Router.swift in Sources */,
				65339CE03E19AC9950D6104E /* SavedWorldsScreen.swift in Sources */,
				1617C47830EC40777FFC78D5 /* SearchScreen.swift in Sources */,
				C70B2DDEF2404F6EEEBFFF1F /* SessionComposer.swift in Sources */,
				70CCCD8F167118FB5223C1B8 /* SessionFeed.swift in Sources */,
				60260E454762F25FEB19151D /* SessionModel.swift in Sources */,
				DDE90FB50E0FE3240A9BB2E3 /* SessionScreen.swift in Sources */,
				2E695AB53740704105BFA550 /* SessionStage.swift in Sources */,
				C118EC4184A283AEA85AB2C8 /* SettingsScreen.swift in Sources */,
				9E4F94CC781194F9D58142DC /* ShareScreen.swift in Sources */,
				201028673A30D60B32A9BBD5 /* SignInScreen.swift in Sources */,
				36154ABB18E0291129EDC45B /* StoryDetailScreen.swift in Sources */,
				68ED749D61D833B734EE3437 /* Telemetry.swift in Sources */,
				6C4131B354E4F2747CF676D8 /* Theme.swift in Sources */,
				8D0CCE9FDAD25563F973C40A /* Translator.swift in Sources */,
				508FA1801463B9DEEA4CBE1F /* WalletScreen.swift in Sources */,
				A93FAAD69574D053433C9B5E /* WorldSheetScreen.swift in Sources */,
				5F2EB5FCB4A69E8E2154347C /* WorldSheetTabs.swift in Sources */,
				657C06DB381139619A7FABC5 /* WorldSheetTimeline.swift in Sources */,
			);
			runOnlyForDeploymentPostprocessing = 0;
		};
/* End PBXSourcesBuildPhase section */

/* Begin PBXTargetDependency section */
		06D553999ADCE7406C0D07B8 /* PBXTargetDependency */ = {
			isa = PBXTargetDependency;
			target = CBE5F744FDB74B8F65F886CD /* Plotbreak */;
			targetProxy = 353671A402D68A7A5E092A8C /* PBXContainerItemProxy */;
		};
/* End PBXTargetDependency section */

/* Begin XCBuildConfiguration section */
		029144C15BA8338A1269EC27 /* Debug */ = {
			isa = XCBuildConfiguration;
			baseConfigurationReference = 7062C42A778A06C894C39944 /* Debug.xcconfig */;
			buildSettings = {
				ALWAYS_SEARCH_USER_PATHS = NO;
				CLANG_ANALYZER_NONNULL = YES;
				CLANG_ANALYZER_NUMBER_OBJECT_CONVERSION = YES_AGGRESSIVE;
				CLANG_CXX_LANGUAGE_STANDARD = "gnu++14";
				CLANG_CXX_LIBRARY = "libc++";
				CLANG_ENABLE_MODULES = YES;
				CLANG_ENABLE_OBJC_ARC = YES;
				CLANG_ENABLE_OBJC_WEAK = YES;
				CLANG_WARN_BLOCK_CAPTURE_AUTORELEASING = YES;
				CLANG_WARN_BOOL_CONVERSION = YES;
				CLANG_WARN_COMMA = YES;
				CLANG_WARN_CONSTANT_CONVERSION = YES;
				CLANG_WARN_DEPRECATED_OBJC_IMPLEMENTATIONS = YES;
				CLANG_WARN_DIRECT_OBJC_ISA_USAGE = YES_ERROR;
				CLANG_WARN_DOCUMENTATION_COMMENTS = YES;
				CLANG_WARN_EMPTY_BODY = YES;
				CLANG_WARN_ENUM_CONVERSION = YES;
				CLANG_WARN_INFINITE_RECURSION = YES;
				CLANG_WARN_INT_CONVERSION = YES;
				CLANG_WARN_NON_LITERAL_NULL_CONVERSION = YES;
				CLANG_WARN_OBJC_IMPLICIT_RETAIN_SELF = YES;
				CLANG_WARN_OBJC_LITERAL_CONVERSION = YES;
				CLANG_WARN_OBJC_ROOT_CLASS = YES_ERROR;
				CLANG_WARN_QUOTED_INCLUDE_IN_FRAMEWORK_HEADER = YES;
				CLANG_WARN_RANGE_LOOP_ANALYSIS = YES;
				CLANG_WARN_STRICT_PROTOTYPES = YES;
				CLANG_WARN_SUSPICIOUS_MOVE = YES;
				CLANG_WARN_UNGUARDED_AVAILABILITY = YES_AGGRESSIVE;
				CLANG_WARN_UNREACHABLE_CODE = YES;
				CLANG_WARN__DUPLICATE_METHOD_MATCH = YES;
				CODE_SIGN_STYLE = Automatic;
				COPY_PHASE_STRIP = NO;
				CURRENT_PROJECT_VERSION = 1;
				DEBUG_INFORMATION_FORMAT = dwarf;
				DEVELOPMENT_TEAM = Q7ZLXMG4SB;
				ENABLE_STRICT_OBJC_MSGSEND = YES;
				ENABLE_TESTABILITY = YES;
				ENABLE_USER_SCRIPT_SANDBOXING = NO;
				GCC_C_LANGUAGE_STANDARD = gnu11;
				GCC_DYNAMIC_NO_PIC = NO;
				GCC_NO_COMMON_BLOCKS = YES;
				GCC_OPTIMIZATION_LEVEL = 0;
				GCC_PREPROCESSOR_DEFINITIONS = (
					"$(inherited)",
					"DEBUG=1",
				);
				GCC_WARN_64_TO_32_BIT_CONVERSION = YES;
				GCC_WARN_ABOUT_RETURN_TYPE = YES_ERROR;
				GCC_WARN_UNDECLARED_SELECTOR = YES;
				GCC_WARN_UNINITIALIZED_AUTOS = YES_AGGRESSIVE;
				GCC_WARN_UNUSED_FUNCTION = YES;
				GCC_WARN_UNUSED_VARIABLE = YES;
				IPHONEOS_DEPLOYMENT_TARGET = 17.0;
				MARKETING_VERSION = 1.0.0;
				MTL_ENABLE_DEBUG_INFO = INCLUDE_SOURCE;
				MTL_FAST_MATH = YES;
				ONLY_ACTIVE_ARCH = YES;
				PRODUCT_NAME = "$(TARGET_NAME)";
				SDKROOT = iphoneos;
				SWIFT_ACTIVE_COMPILATION_CONDITIONS = DEBUG;
				SWIFT_OPTIMIZATION_LEVEL = "-Onone";
				SWIFT_STRICT_CONCURRENCY = minimal;
				SWIFT_VERSION = 5.10;
				TARGETED_DEVICE_FAMILY = "1,2";
			};
			name = Debug;
		};
		4CEE59B0FE2CB548C77FC014 /* Debug */ = {
			isa = XCBuildConfiguration;
			buildSettings = {
				BUNDLE_LOADER = "$(TEST_HOST)";
				GENERATE_INFOPLIST_FILE = YES;
				LD_RUNPATH_SEARCH_PATHS = (
					"$(inherited)",
					"@executable_path/Frameworks",
					"@loader_path/Frameworks",
				);
				PRODUCT_BUNDLE_IDENTIFIER = com.plotbreak.app.tests;
				SDKROOT = iphoneos;
				TARGETED_DEVICE_FAMILY = "1,2";
				TEST_HOST = "$(BUILT_PRODUCTS_DIR)/Plotbreak.app/Plotbreak";
			};
			name = Debug;
		};
		98215813AC9F5284550CC0D7 /* Release */ = {
			isa = XCBuildConfiguration;
			buildSettings = {
				ASSETCATALOG_COMPILER_APPICON_NAME = AppIcon;
				CODE_SIGN_ENTITLEMENTS = Plotbreak/Plotbreak.entitlements;
				CODE_SIGN_IDENTITY = "iPhone Developer";
				INFOPLIST_FILE = Plotbreak/Info.plist;
				INFOPLIST_KEY_UIApplicationSupportsIndirectInputEvents = YES;
				LD_RUNPATH_SEARCH_PATHS = (
					"$(inherited)",
					"@executable_path/Frameworks",
				);
				PRODUCT_BUNDLE_IDENTIFIER = com.plotbreak.app;
				SDKROOT = iphoneos;
				TARGETED_DEVICE_FAMILY = "1,2";
			};
			name = Release;
		};
		A5348BC8D12DC9575892BDE4 /* Release */ = {
			isa = XCBuildConfiguration;
			buildSettings = {
				BUNDLE_LOADER = "$(TEST_HOST)";
				GENERATE_INFOPLIST_FILE = YES;
				LD_RUNPATH_SEARCH_PATHS = (
					"$(inherited)",
					"@executable_path/Frameworks",
					"@loader_path/Frameworks",
				);
				PRODUCT_BUNDLE_IDENTIFIER = com.plotbreak.app.tests;
				SDKROOT = iphoneos;
				TARGETED_DEVICE_FAMILY = "1,2";
				TEST_HOST = "$(BUILT_PRODUCTS_DIR)/Plotbreak.app/Plotbreak";
			};
			name = Release;
		};
		A7701B3A557B4632A6109235 /* Release */ = {
			isa = XCBuildConfiguration;
			baseConfigurationReference = B07870FFBF281DB3DBF2DA3E /* Release.xcconfig */;
			buildSettings = {
				ALWAYS_SEARCH_USER_PATHS = NO;
				CLANG_ANALYZER_NONNULL = YES;
				CLANG_ANALYZER_NUMBER_OBJECT_CONVERSION = YES_AGGRESSIVE;
				CLANG_CXX_LANGUAGE_STANDARD = "gnu++14";
				CLANG_CXX_LIBRARY = "libc++";
				CLANG_ENABLE_MODULES = YES;
				CLANG_ENABLE_OBJC_ARC = YES;
				CLANG_ENABLE_OBJC_WEAK = YES;
				CLANG_WARN_BLOCK_CAPTURE_AUTORELEASING = YES;
				CLANG_WARN_BOOL_CONVERSION = YES;
				CLANG_WARN_COMMA = YES;
				CLANG_WARN_CONSTANT_CONVERSION = YES;
				CLANG_WARN_DEPRECATED_OBJC_IMPLEMENTATIONS = YES;
				CLANG_WARN_DIRECT_OBJC_ISA_USAGE = YES_ERROR;
				CLANG_WARN_DOCUMENTATION_COMMENTS = YES;
				CLANG_WARN_EMPTY_BODY = YES;
				CLANG_WARN_ENUM_CONVERSION = YES;
				CLANG_WARN_INFINITE_RECURSION = YES;
				CLANG_WARN_INT_CONVERSION = YES;
				CLANG_WARN_NON_LITERAL_NULL_CONVERSION = YES;
				CLANG_WARN_OBJC_IMPLICIT_RETAIN_SELF = YES;
				CLANG_WARN_OBJC_LITERAL_CONVERSION = YES;
				CLANG_WARN_OBJC_ROOT_CLASS = YES_ERROR;
				CLANG_WARN_QUOTED_INCLUDE_IN_FRAMEWORK_HEADER = YES;
				CLANG_WARN_RANGE_LOOP_ANALYSIS = YES;
				CLANG_WARN_STRICT_PROTOTYPES = YES;
				CLANG_WARN_SUSPICIOUS_MOVE = YES;
				CLANG_WARN_UNGUARDED_AVAILABILITY = YES_AGGRESSIVE;
				CLANG_WARN_UNREACHABLE_CODE = YES;
				CLANG_WARN__DUPLICATE_METHOD_MATCH = YES;
				CODE_SIGN_STYLE = Automatic;
				COPY_PHASE_STRIP = NO;
				CURRENT_PROJECT_VERSION = 1;
				DEBUG_INFORMATION_FORMAT = "dwarf-with-dsym";
				DEVELOPMENT_TEAM = Q7ZLXMG4SB;
				ENABLE_NS_ASSERTIONS = NO;
				ENABLE_STRICT_OBJC_MSGSEND = YES;
				ENABLE_USER_SCRIPT_SANDBOXING = NO;
				GCC_C_LANGUAGE_STANDARD = gnu11;
				GCC_NO_COMMON_BLOCKS = YES;
				GCC_WARN_64_TO_32_BIT_CONVERSION = YES;
				GCC_WARN_ABOUT_RETURN_TYPE = YES_ERROR;
				GCC_WARN_UNDECLARED_SELECTOR = YES;
				GCC_WARN_UNINITIALIZED_AUTOS = YES_AGGRESSIVE;
				GCC_WARN_UNUSED_FUNCTION = YES;
				GCC_WARN_UNUSED_VARIABLE = YES;
				IPHONEOS_DEPLOYMENT_TARGET = 17.0;
				MARKETING_VERSION = 1.0.0;
				MTL_ENABLE_DEBUG_INFO = NO;
				MTL_FAST_MATH = YES;
				PRODUCT_NAME = "$(TARGET_NAME)";
				SDKROOT = iphoneos;
				SWIFT_COMPILATION_MODE = wholemodule;
				SWIFT_OPTIMIZATION_LEVEL = "-O";
				SWIFT_STRICT_CONCURRENCY = minimal;
				SWIFT_VERSION = 5.10;
				TARGETED_DEVICE_FAMILY = "1,2";
			};
			name = Release;
		};
		D5F698FCB320D9692FD7D9F2 /* Debug */ = {
			isa = XCBuildConfiguration;
			buildSettings = {
				ASSETCATALOG_COMPILER_APPICON_NAME = AppIcon;
				CODE_SIGN_ENTITLEMENTS = Plotbreak/Plotbreak.entitlements;
				CODE_SIGN_IDENTITY = "iPhone Developer";
				INFOPLIST_FILE = Plotbreak/Info.plist;
				INFOPLIST_KEY_UIApplicationSupportsIndirectInputEvents = YES;
				LD_RUNPATH_SEARCH_PATHS = (
					"$(inherited)",
					"@executable_path/Frameworks",
				);
				PRODUCT_BUNDLE_IDENTIFIER = com.plotbreak.app;
				SDKROOT = iphoneos;
				TARGETED_DEVICE_FAMILY = "1,2";
			};
			name = Debug;
		};
/* End XCBuildConfiguration section */

/* Begin XCConfigurationList section */
		4ED71FF82C480E432C065E3C /* Build configuration list for PBXNativeTarget "PlotbreakTests" */ = {
			isa = XCConfigurationList;
			buildConfigurations = (
				4CEE59B0FE2CB548C77FC014 /* Debug */,
				A5348BC8D12DC9575892BDE4 /* Release */,
			);
			defaultConfigurationIsVisible = 0;
			defaultConfigurationName = Debug;
		};
		5C1C30F53A8D959E728580F3 /* Build configuration list for PBXNativeTarget "Plotbreak" */ = {
			isa = XCConfigurationList;
			buildConfigurations = (
				D5F698FCB320D9692FD7D9F2 /* Debug */,
				98215813AC9F5284550CC0D7 /* Release */,
			);
			defaultConfigurationIsVisible = 0;
			defaultConfigurationName = Debug;
		};
		C4850E4422890A8BFA67D8A0 /* Build configuration list for PBXProject "Plotbreak" */ = {
			isa = XCConfigurationList;
			buildConfigurations = (
				029144C15BA8338A1269EC27 /* Debug */,
				A7701B3A557B4632A6109235 /* Release */,
			);
			defaultConfigurationIsVisible = 0;
			defaultConfigurationName = Debug;
		};
/* End XCConfigurationList section */

/* Begin XCRemoteSwiftPackageReference section */
		14819C7CD5A1335CE058412E /* XCRemoteSwiftPackageReference "AppsFlyerFramework" */ = {
			isa = XCRemoteSwiftPackageReference;
			repositoryURL = "https://github.com/AppsFlyerSDK/AppsFlyerFramework";
			requirement = {
				kind = upToNextMajorVersion;
				minimumVersion = 7.0.2;
			};
		};
		EF3C90BBF7A106F654787396 /* XCRemoteSwiftPackageReference "posthog-ios" */ = {
			isa = XCRemoteSwiftPackageReference;
			repositoryURL = "https://github.com/PostHog/posthog-ios";
			requirement = {
				kind = upToNextMajorVersion;
				minimumVersion = 3.74.0;
			};
		};
		FD8A8F1F4A0647BF7FC6FD9B /* XCRemoteSwiftPackageReference "GoogleSignIn-iOS" */ = {
			isa = XCRemoteSwiftPackageReference;
			repositoryURL = "https://github.com/google/GoogleSignIn-iOS";
			requirement = {
				kind = upToNextMajorVersion;
				minimumVersion = 9.0.0;
			};
		};
/* End XCRemoteSwiftPackageReference section */

/* Begin XCSwiftPackageProductDependency section */
		0B226F9B7345A3A03C4F9693 /* AppsFlyerLib */ = {
			isa = XCSwiftPackageProductDependency;
			package = 14819C7CD5A1335CE058412E /* XCRemoteSwiftPackageReference "AppsFlyerFramework" */;
			productName = AppsFlyerLib;
		};
		4EEC5F8372C2F1E3577DDD40 /* PostHog */ = {
			isa = XCSwiftPackageProductDependency;
			package = EF3C90BBF7A106F654787396 /* XCRemoteSwiftPackageReference "posthog-ios" */;
			productName = PostHog;
		};
		EB321C91A034368F072506DE /* GoogleSignIn */ = {
			isa = XCSwiftPackageProductDependency;
			package = FD8A8F1F4A0647BF7FC6FD9B /* XCRemoteSwiftPackageReference "GoogleSignIn-iOS" */;
			productName = GoogleSignIn;
		};
/* End XCSwiftPackageProductDependency section */
	};
	rootObject = ACF0D55B947A55FE77103AAE /* Project object */;
}
