// !$*UTF8*$!
{
	archiveVersion = 1;
	classes = {
	};
	objectVersion = 77;
	objects = {

/* Begin PBXBuildFile section */
		006FEA6BCC1BB07E2FBAE14F /* StubSession.swift in Sources */ = {isa = PBXBuildFile; fileRef = 4C5E493975ED26F5EA2F3724 /* StubSession.swift */; };
		0606CD376ED4FED9712641E0 /* fr.json in Resources */ = {isa = PBXBuildFile; fileRef = 35ADB173300E4A438F29547D /* fr.json */; };
		1E3AD14F7D3FF1BAB6DF449A /* FoundationTests.swift in Sources */ = {isa = PBXBuildFile; fileRef = C208C9F72C78893FD833371D /* FoundationTests.swift */; };
		1FC9E109EE4564A16D1AC2E2 /* StubCharacters.swift in Sources */ = {isa = PBXBuildFile; fileRef = 3CFD458E4107B0D02488E52D /* StubCharacters.swift */; };
		303B74DAFB6D11C316E66447 /* Auth.swift in Sources */ = {isa = PBXBuildFile; fileRef = 61ECF86386EF34A310F8A144 /* Auth.swift */; };
		409247813E68D393B0FBA517 /* AppConfig.swift in Sources */ = {isa = PBXBuildFile; fileRef = 3936E2851907FF6FE577EC1F /* AppConfig.swift */; };
		419F2DC7F041BE8845B8B3B6 /* Primitives.swift in Sources */ = {isa = PBXBuildFile; fileRef = 3364C351DFD9C104926F4EC2 /* Primitives.swift */; };
		41F67188EDC9C3929CF1C750 /* APIClient.swift in Sources */ = {isa = PBXBuildFile; fileRef = 74E8243255B5DED5FA9D6E33 /* APIClient.swift */; };
		42423E37F5E67BFDE4F9DC5E /* Local.xcconfig.example in Resources */ = {isa = PBXBuildFile; fileRef = 87D520DD1346F266F41E2225 /* Local.xcconfig.example */; };
		43721E414B4F694E31AD63D5 /* StubWorldSheet.swift in Sources */ = {isa = PBXBuildFile; fileRef = 695B648B84E20709FCFE32F3 /* StubWorldSheet.swift */; };
		4866F27D3FC88B3D1A2B57E8 /* en.json in Resources */ = {isa = PBXBuildFile; fileRef = 9C7000277196C6CD988C557D /* en.json */; };
		4892C91138FCDC0EF6CCE904 /* Models.swift in Sources */ = {isa = PBXBuildFile; fileRef = A62D4263C15FF137B7C9758D /* Models.swift */; };
		5FF50FF6B4A1DF1BB6A39E06 /* StubMisc.swift in Sources */ = {isa = PBXBuildFile; fileRef = F0B9DD36509FF6D9102687BF /* StubMisc.swift */; };
		669791D098DE552203FEB519 /* StubSettings.swift in Sources */ = {isa = PBXBuildFile; fileRef = 5D0388A3646565A69433EBE0 /* StubSettings.swift */; };
		68764784FDCCC41DB10C6A55 /* StubCharacterSetup.swift in Sources */ = {isa = PBXBuildFile; fileRef = A05A06EC84887305B0A58595 /* StubCharacterSetup.swift */; };
		6C4131B354E4F2747CF676D8 /* Theme.swift in Sources */ = {isa = PBXBuildFile; fileRef = 0D7DDD29992AB9AE65700D7E /* Theme.swift */; };
		6E54F937D1FD8A812A09D98A /* AppStore.swift in Sources */ = {isa = PBXBuildFile; fileRef = E48CB6CC290F5414ACB6B130 /* AppStore.swift */; };
		757A1B27F76949D852740E4B /* StubWallet.swift in Sources */ = {isa = PBXBuildFile; fileRef = 9D52E6C57F6BC445350AF256 /* StubWallet.swift */; };
		7AC6E8CFD140EFFF68AD929B /* StubLibrary.swift in Sources */ = {isa = PBXBuildFile; fileRef = 1900D92708529C2D539FD686 /* StubLibrary.swift */; };
		8C8E72D95A5484C0CAF7E417 /* StubBadges.swift in Sources */ = {isa = PBXBuildFile; fileRef = 9EBF5DF9DDD25A0D67F2E9C4 /* StubBadges.swift */; };
		8D0CCE9FDAD25563F973C40A /* Translator.swift in Sources */ = {isa = PBXBuildFile; fileRef = BA54D00F6EC27CB276F4FD20 /* Translator.swift */; };
		8E7D298121BF427C094DCBA3 /* StubShare.swift in Sources */ = {isa = PBXBuildFile; fileRef = 27091E5FCC77E9A61B5CB1CF /* StubShare.swift */; };
		9040C6871F3903E3DD13B986 /* Assets.xcassets in Resources */ = {isa = PBXBuildFile; fileRef = C3E0E7A559F500F64D4CF09B /* Assets.xcassets */; };
		99AA27CEC0F06E222A3DAF26 /* StubComments.swift in Sources */ = {isa = PBXBuildFile; fileRef = D271E5241CE5DBBE561E69F8 /* StubComments.swift */; };
		9D34F281DC815D72BD4D10BA /* StubStoryDetail.swift in Sources */ = {isa = PBXBuildFile; fileRef = D30ABF54C8E58FEB70D09357 /* StubStoryDetail.swift */; };
		A0DDC93C1AE0EE44754CD171 /* Components.swift in Sources */ = {isa = PBXBuildFile; fileRef = E95A968ED6D13C7F254C0D62 /* Components.swift */; };
		AF06B25A7FEE72D0079C9F6A /* PlotbreakApp.swift in Sources */ = {isa = PBXBuildFile; fileRef = EECB01063DDAE883DB345014 /* PlotbreakApp.swift */; };
		B505C5900FC566CF7FCB7ED0 /* StubOnboarding.swift in Sources */ = {isa = PBXBuildFile; fileRef = 3B6777F3D08E72F6FF4DE366 /* StubOnboarding.swift */; };
		BC15383A45A7F2DAC8B09680 /* StubProfile.swift in Sources */ = {isa = PBXBuildFile; fileRef = 54016E3E8E0F6CDF6371CA77 /* StubProfile.swift */; };
		BF9A179A793B5AA8788804FC /* Router.swift in Sources */ = {isa = PBXBuildFile; fileRef = E0DB67F33A34525413EFA20C /* Router.swift */; };
		CC38AAE38610FC231B5E0C63 /* Purchases.swift in Sources */ = {isa = PBXBuildFile; fileRef = E0BFBA0CD80BADAEAE409E44 /* Purchases.swift */; };
		D48C9ABD1DCC1D0D7539B8EB /* StubScreen.swift in Sources */ = {isa = PBXBuildFile; fileRef = 8900F9F9F45E6D0AE687273C /* StubScreen.swift */; };
		D8D19495C237160BD0A2CE7D /* StubDiscover.swift in Sources */ = {isa = PBXBuildFile; fileRef = 951B35A4CE2533666E33A9F9 /* StubDiscover.swift */; };
/* End PBXBuildFile section */

/* Begin PBXContainerItemProxy section */
		353671A402D68A7A5E092A8C /* PBXContainerItemProxy */ = {
			isa = PBXContainerItemProxy;
			containerPortal = ACF0D55B947A55FE77103AAE /* Project object */;
			proxyType = 1;
			remoteGlobalIDString = CBE5F744FDB74B8F65F886CD;
			remoteInfo = Plotbreak;
		};
/* End PBXContainerItemProxy section */

/* Begin PBXFileReference section */
		0D7DDD29992AB9AE65700D7E /* Theme.swift */ = {isa = PBXFileReference; lastKnownFileType = sourcecode.swift; path = Theme.swift; sourceTree = "<group>"; };
		1706C60F3BB502765ABC8DC0 /* PlotbreakTests.xctest */ = {isa = PBXFileReference; includeInIndex = 0; lastKnownFileType = wrapper.cfbundle; path = PlotbreakTests.xctest; sourceTree = BUILT_PRODUCTS_DIR; };
		1900D92708529C2D539FD686 /* StubLibrary.swift */ = {isa = PBXFileReference; lastKnownFileType = sourcecode.swift; path = StubLibrary.swift; sourceTree = "<group>"; };
		27091E5FCC77E9A61B5CB1CF /* StubShare.swift */ = {isa = PBXFileReference; lastKnownFileType = sourcecode.swift; path = StubShare.swift; sourceTree = "<group>"; };
		3364C351DFD9C104926F4EC2 /* Primitives.swift */ = {isa = PBXFileReference; lastKnownFileType = sourcecode.swift; path = Primitives.swift; sourceTree = "<group>"; };
		35ADB173300E4A438F29547D /* fr.json */ = {isa = PBXFileReference; lastKnownFileType = text.json; path = fr.json; sourceTree = "<group>"; };
		3936E2851907FF6FE577EC1F /* AppConfig.swift */ = {isa = PBXFileReference; lastKnownFileType = sourcecode.swift; path = AppConfig.swift; sourceTree = "<group>"; };
		3B6777F3D08E72F6FF4DE366 /* StubOnboarding.swift */ = {isa = PBXFileReference; lastKnownFileType = sourcecode.swift; path = StubOnboarding.swift; sourceTree = "<group>"; };
		3CFD458E4107B0D02488E52D /* StubCharacters.swift */ = {isa = PBXFileReference; lastKnownFileType = sourcecode.swift; path = StubCharacters.swift; sourceTree = "<group>"; };
		4C5E493975ED26F5EA2F3724 /* StubSession.swift */ = {isa = PBXFileReference; lastKnownFileType = sourcecode.swift; path = StubSession.swift; sourceTree = "<group>"; };
		54016E3E8E0F6CDF6371CA77 /* StubProfile.swift */ = {isa = PBXFileReference; lastKnownFileType = sourcecode.swift; path = StubProfile.swift; sourceTree = "<group>"; };
		5D0388A3646565A69433EBE0 /* StubSettings.swift */ = {isa = PBXFileReference; lastKnownFileType = sourcecode.swift; path = StubSettings.swift; sourceTree = "<group>"; };
		5D0B1E1EFC52A50A9202026E /* Info.plist */ = {isa = PBXFileReference; lastKnownFileType = text.plist; path = Info.plist; sourceTree = "<group>"; };
		61ECF86386EF34A310F8A144 /* Auth.swift */ = {isa = PBXFileReference; lastKnownFileType = sourcecode.swift; path = Auth.swift; sourceTree = "<group>"; };
		695B648B84E20709FCFE32F3 /* StubWorldSheet.swift */ = {isa = PBXFileReference; lastKnownFileType = sourcecode.swift; path = StubWorldSheet.swift; sourceTree = "<group>"; };
		7062C42A778A06C894C39944 /* Debug.xcconfig */ = {isa = PBXFileReference; lastKnownFileType = text.xcconfig; path = Debug.xcconfig; sourceTree = "<group>"; };
		74E8243255B5DED5FA9D6E33 /* APIClient.swift */ = {isa = PBXFileReference; lastKnownFileType = sourcecode.swift; path = APIClient.swift; sourceTree = "<group>"; };
		87D520DD1346F266F41E2225 /* Local.xcconfig.example */ = {isa = PBXFileReference; path = Local.xcconfig.example; sourceTree = "<group>"; };
		8900F9F9F45E6D0AE687273C /* StubScreen.swift */ = {isa = PBXFileReference; lastKnownFileType = sourcecode.swift; path = StubScreen.swift; sourceTree = "<group>"; };
		8B46E121F869C497A6CABA0E /* Plotbreak.app */ = {isa = PBXFileReference; includeInIndex = 0; lastKnownFileType = wrapper.application; path = Plotbreak.app; sourceTree = BUILT_PRODUCTS_DIR; };
		951B35A4CE2533666E33A9F9 /* StubDiscover.swift */ = {isa = PBXFileReference; lastKnownFileType = sourcecode.swift; path = StubDiscover.swift; sourceTree = "<group>"; };
		9C7000277196C6CD988C557D /* en.json */ = {isa = PBXFileReference; lastKnownFileType = text.json; path = en.json; sourceTree = "<group>"; };
		9D52E6C57F6BC445350AF256 /* StubWallet.swift */ = {isa = PBXFileReference; lastKnownFileType = sourcecode.swift; path = StubWallet.swift; sourceTree = "<group>"; };
		9EBF5DF9DDD25A0D67F2E9C4 /* StubBadges.swift */ = {isa = PBXFileReference; lastKnownFileType = sourcecode.swift; path = StubBadges.swift; sourceTree = "<group>"; };
		A05A06EC84887305B0A58595 /* StubCharacterSetup.swift */ = {isa = PBXFileReference; lastKnownFileType = sourcecode.swift; path = StubCharacterSetup.swift; sourceTree = "<group>"; };
		A62D4263C15FF137B7C9758D /* Models.swift */ = {isa = PBXFileReference; lastKnownFileType = sourcecode.swift; path = Models.swift; sourceTree = "<group>"; };
		B07870FFBF281DB3DBF2DA3E /* Release.xcconfig */ = {isa = PBXFileReference; lastKnownFileType = text.xcconfig; path = Release.xcconfig; sourceTree = "<group>"; };
		BA54D00F6EC27CB276F4FD20 /* Translator.swift */ = {isa = PBXFileReference; lastKnownFileType = sourcecode.swift; path = Translator.swift; sourceTree = "<group>"; };
		C208C9F72C78893FD833371D /* FoundationTests.swift */ = {isa = PBXFileReference; lastKnownFileType = sourcecode.swift; path = FoundationTests.swift; sourceTree = "<group>"; };
		C3E0E7A559F500F64D4CF09B /* Assets.xcassets */ = {isa = PBXFileReference; lastKnownFileType = folder.assetcatalog; path = Assets.xcassets; sourceTree = "<group>"; };
		D271E5241CE5DBBE561E69F8 /* StubComments.swift */ = {isa = PBXFileReference; lastKnownFileType = sourcecode.swift; path = StubComments.swift; sourceTree = "<group>"; };
		D30ABF54C8E58FEB70D09357 /* StubStoryDetail.swift */ = {isa = PBXFileReference; lastKnownFileType = sourcecode.swift; path = StubStoryDetail.swift; sourceTree = "<group>"; };
		D971192A0E678F7F100B4E6B /* Plotbreak.entitlements */ = {isa = PBXFileReference; lastKnownFileType = text.plist.entitlements; path = Plotbreak.entitlements; sourceTree = "<group>"; };
		E0BFBA0CD80BADAEAE409E44 /* Purchases.swift */ = {isa = PBXFileReference; lastKnownFileType = sourcecode.swift; path = Purchases.swift; sourceTree = "<group>"; };
		E0DB67F33A34525413EFA20C /* Router.swift */ = {isa = PBXFileReference; lastKnownFileType = sourcecode.swift; path = Router.swift; sourceTree = "<group>"; };
		E48CB6CC290F5414ACB6B130 /* AppStore.swift */ = {isa = PBXFileReference; lastKnownFileType = sourcecode.swift; path = AppStore.swift; sourceTree = "<group>"; };
		E95A968ED6D13C7F254C0D62 /* Components.swift */ = {isa = PBXFileReference; lastKnownFileType = sourcecode.swift; path = Components.swift; sourceTree = "<group>"; };
		EECB01063DDAE883DB345014 /* PlotbreakApp.swift */ = {isa = PBXFileReference; lastKnownFileType = sourcecode.swift; path = PlotbreakApp.swift; sourceTree = "<group>"; };
		F0B9DD36509FF6D9102687BF /* StubMisc.swift */ = {isa = PBXFileReference; lastKnownFileType = sourcecode.swift; path = StubMisc.swift; sourceTree = "<group>"; };
/* End PBXFileReference section */

/* Begin PBXGroup section */
		0A50A0166437F257165B27CF /* Products */ = {
			isa = PBXGroup;
			children = (
				8B46E121F869C497A6CABA0E /* Plotbreak.app */,
				1706C60F3BB502765ABC8DC0 /* PlotbreakTests.xctest */,
			);
			name = Products;
			sourceTree = "<group>";
		};
		0F7B6ABA7A8C8CECFA9C714D /* Share */ = {
			isa = PBXGroup;
			children = (
				27091E5FCC77E9A61B5CB1CF /* StubShare.swift */,
			);
			path = Share;
			sourceTree = "<group>";
		};
		10FE9B6510F31200C63677AC /* WorldSheet */ = {
			isa = PBXGroup;
			children = (
				695B648B84E20709FCFE32F3 /* StubWorldSheet.swift */,
			);
			path = WorldSheet;
			sourceTree = "<group>";
		};
		23B14DBA8A81C41BB25A3C52 /* Badges */ = {
			isa = PBXGroup;
			children = (
				9EBF5DF9DDD25A0D67F2E9C4 /* StubBadges.swift */,
			);
			path = Badges;
			sourceTree = "<group>";
		};
		38D58215F382E6BB907FFF1F /* Plotbreak */ = {
			isa = PBXGroup;
			children = (
				5D0B1E1EFC52A50A9202026E /* Info.plist */,
				D971192A0E678F7F100B4E6B /* Plotbreak.entitlements */,
				D051448F8A8839ABE1D6147C /* App */,
				4B7D2617172F6F9AD6CEB2EB /* Auth */,
				B0C669659C339FE2187DFB51 /* Config */,
				A5C8E392B25A730B449346CF /* I18n */,
				BE96A028B08570AAA8F6A1D2 /* Models */,
				E86DEB8E7AAD8DD7F9FCC000 /* Networking */,
				F91FF0908DBE001712E62ED7 /* Resources */,
				AEBCFC44247395828BE01E76 /* Screens */,
				82745E8C04D9D6F6A669B107 /* State */,
				820950F1740C3D06A20E6D3A /* Store */,
				7CD459DD2376A305A03190AD /* Theme */,
			);
			path = Plotbreak;
			sourceTree = "<group>";
		};
		3B92CC0ECA57EFD9E9058F24 = {
			isa = PBXGroup;
			children = (
				38D58215F382E6BB907FFF1F /* Plotbreak */,
				3C2E40B0C2FC514A5F9196BF /* PlotbreakTests */,
				0A50A0166437F257165B27CF /* Products */,
			);
			sourceTree = "<group>";
		};
		3C2E40B0C2FC514A5F9196BF /* PlotbreakTests */ = {
			isa = PBXGroup;
			children = (
				C208C9F72C78893FD833371D /* FoundationTests.swift */,
			);
			path = PlotbreakTests;
			sourceTree = "<group>";
		};
		422B7FE2CC25D7732FED8D69 /* Settings */ = {
			isa = PBXGroup;
			children = (
				5D0388A3646565A69433EBE0 /* StubSettings.swift */,
			);
			path = Settings;
			sourceTree = "<group>";
		};
		4B7D2617172F6F9AD6CEB2EB /* Auth */ = {
			isa = PBXGroup;
			children = (
				61ECF86386EF34A310F8A144 /* Auth.swift */,
			);
			path = Auth;
			sourceTree = "<group>";
		};
		5E29A9FE8883E88DFCF80343 /* Characters */ = {
			isa = PBXGroup;
			children = (
				3CFD458E4107B0D02488E52D /* StubCharacters.swift */,
			);
			path = Characters;
			sourceTree = "<group>";
		};
		75F55F0265517857C0FE2E07 /* Session */ = {
			isa = PBXGroup;
			children = (
				4C5E493975ED26F5EA2F3724 /* StubSession.swift */,
			);
			path = Session;
			sourceTree = "<group>";
		};
		7B77224024E35442A651EDA5 /* Comments */ = {
			isa = PBXGroup;
			children = (
				D271E5241CE5DBBE561E69F8 /* StubComments.swift */,
			);
			path = Comments;
			sourceTree = "<group>";
		};
		7CD459DD2376A305A03190AD /* Theme */ = {
			isa = PBXGroup;
			children = (
				E95A968ED6D13C7F254C0D62 /* Components.swift */,
				3364C351DFD9C104926F4EC2 /* Primitives.swift */,
				0D7DDD29992AB9AE65700D7E /* Theme.swift */,
			);
			path = Theme;
			sourceTree = "<group>";
		};
		801D53C0123578669215EF95 /* StoryDetail */ = {
			isa = PBXGroup;
			children = (
				D30ABF54C8E58FEB70D09357 /* StubStoryDetail.swift */,
			);
			path = StoryDetail;
			sourceTree = "<group>";
		};
		820950F1740C3D06A20E6D3A /* Store */ = {
			isa = PBXGroup;
			children = (
				E0BFBA0CD80BADAEAE409E44 /* Purchases.swift */,
			);
			path = Store;
			sourceTree = "<group>";
		};
		82745E8C04D9D6F6A669B107 /* State */ = {
			isa = PBXGroup;
			children = (
				E48CB6CC290F5414ACB6B130 /* AppStore.swift */,
			);
			path = State;
			sourceTree = "<group>";
		};
		95B06BEB375F7FE2C767C9C7 /* CharacterSetup */ = {
			isa = PBXGroup;
			children = (
				A05A06EC84887305B0A58595 /* StubCharacterSetup.swift */,
			);
			path = CharacterSetup;
			sourceTree = "<group>";
		};
		9B9DCD759E50B48E86B22E45 /* Discover */ = {
			isa = PBXGroup;
			children = (
				951B35A4CE2533666E33A9F9 /* StubDiscover.swift */,
			);
			path = Discover;
			sourceTree = "<group>";
		};
		A5C8E392B25A730B449346CF /* I18n */ = {
			isa = PBXGroup;
			children = (
				BA54D00F6EC27CB276F4FD20 /* Translator.swift */,
			);
			path = I18n;
			sourceTree = "<group>";
		};
		A840C9C137F2659451521C58 /* Library */ = {
			isa = PBXGroup;
			children = (
				1900D92708529C2D539FD686 /* StubLibrary.swift */,
			);
			path = Library;
			sourceTree = "<group>";
		};
		AEBCFC44247395828BE01E76 /* Screens */ = {
			isa = PBXGroup;
			children = (
				8900F9F9F45E6D0AE687273C /* StubScreen.swift */,
				23B14DBA8A81C41BB25A3C52 /* Badges */,
				5E29A9FE8883E88DFCF80343 /* Characters */,
				95B06BEB375F7FE2C767C9C7 /* CharacterSetup */,
				7B77224024E35442A651EDA5 /* Comments */,
				9B9DCD759E50B48E86B22E45 /* Discover */,
				A840C9C137F2659451521C58 /* Library */,
				EC341F2DA685C75FD3FDC2DA /* Misc */,
				B6A53039136CEB7C7EC44727 /* Onboarding */,
				B19D9FEE3CACC85703946C27 /* Profile */,
				75F55F0265517857C0FE2E07 /* Session */,
				422B7FE2CC25D7732FED8D69 /* Settings */,
				0F7B6ABA7A8C8CECFA9C714D /* Share */,
				801D53C0123578669215EF95 /* StoryDetail */,
				D8D1BC45B4C7848CED56A825 /* Wallet */,
				10FE9B6510F31200C63677AC /* WorldSheet */,
			);
			path = Screens;
			sourceTree = "<group>";
		};
		B0C669659C339FE2187DFB51 /* Config */ = {
			isa = PBXGroup;
			children = (
				3936E2851907FF6FE577EC1F /* AppConfig.swift */,
				7062C42A778A06C894C39944 /* Debug.xcconfig */,
				87D520DD1346F266F41E2225 /* Local.xcconfig.example */,
				B07870FFBF281DB3DBF2DA3E /* Release.xcconfig */,
			);
			path = Config;
			sourceTree = "<group>";
		};
		B19D9FEE3CACC85703946C27 /* Profile */ = {
			isa = PBXGroup;
			children = (
				54016E3E8E0F6CDF6371CA77 /* StubProfile.swift */,
			);
			path = Profile;
			sourceTree = "<group>";
		};
		B6A53039136CEB7C7EC44727 /* Onboarding */ = {
			isa = PBXGroup;
			children = (
				3B6777F3D08E72F6FF4DE366 /* StubOnboarding.swift */,
			);
			path = Onboarding;
			sourceTree = "<group>";
		};
		BE96A028B08570AAA8F6A1D2 /* Models */ = {
			isa = PBXGroup;
			children = (
				A62D4263C15FF137B7C9758D /* Models.swift */,
			);
			path = Models;
			sourceTree = "<group>";
		};
		D051448F8A8839ABE1D6147C /* App */ = {
			isa = PBXGroup;
			children = (
				EECB01063DDAE883DB345014 /* PlotbreakApp.swift */,
				E0DB67F33A34525413EFA20C /* Router.swift */,
			);
			path = App;
			sourceTree = "<group>";
		};
		D8D1BC45B4C7848CED56A825 /* Wallet */ = {
			isa = PBXGroup;
			children = (
				9D52E6C57F6BC445350AF256 /* StubWallet.swift */,
			);
			path = Wallet;
			sourceTree = "<group>";
		};
		E86DEB8E7AAD8DD7F9FCC000 /* Networking */ = {
			isa = PBXGroup;
			children = (
				74E8243255B5DED5FA9D6E33 /* APIClient.swift */,
			);
			path = Networking;
			sourceTree = "<group>";
		};
		EC341F2DA685C75FD3FDC2DA /* Misc */ = {
			isa = PBXGroup;
			children = (
				F0B9DD36509FF6D9102687BF /* StubMisc.swift */,
			);
			path = Misc;
			sourceTree = "<group>";
		};
		F91FF0908DBE001712E62ED7 /* Resources */ = {
			isa = PBXGroup;
			children = (
				C3E0E7A559F500F64D4CF09B /* Assets.xcassets */,
				FDA15D133620CDEF14B23350 /* i18n */,
			);
			path = Resources;
			sourceTree = "<group>";
		};
		FDA15D133620CDEF14B23350 /* i18n */ = {
			isa = PBXGroup;
			children = (
				9C7000277196C6CD988C557D /* en.json */,
				35ADB173300E4A438F29547D /* fr.json */,
			);
			path = i18n;
			sourceTree = "<group>";
		};
/* End PBXGroup section */

/* Begin PBXNativeTarget section */
		383F82EFBD7D5F83D0FEC717 /* PlotbreakTests */ = {
			isa = PBXNativeTarget;
			buildConfigurationList = 4ED71FF82C480E432C065E3C /* Build configuration list for PBXNativeTarget "PlotbreakTests" */;
			buildPhases = (
				3C0F73F326CD8DDAA4D5F02D /* Sources */,
			);
			buildRules = (
			);
			dependencies = (
				06D553999ADCE7406C0D07B8 /* PBXTargetDependency */,
			);
			name = PlotbreakTests;
			packageProductDependencies = (
			);
			productName = PlotbreakTests;
			productReference = 1706C60F3BB502765ABC8DC0 /* PlotbreakTests.xctest */;
			productType = "com.apple.product-type.bundle.unit-test";
		};
		CBE5F744FDB74B8F65F886CD /* Plotbreak */ = {
			isa = PBXNativeTarget;
			buildConfigurationList = 5C1C30F53A8D959E728580F3 /* Build configuration list for PBXNativeTarget "Plotbreak" */;
			buildPhases = (
				8BB89537866B55447EFD93AD /* Export i18n catalog */,
				CF34DCFA4CA6F651D74DB470 /* Sources */,
				B084247E63AB17216DCF4FE7 /* Resources */,
			);
			buildRules = (
			);
			dependencies = (
			);
			name = Plotbreak;
			packageProductDependencies = (
			);
			productName = Plotbreak;
			productReference = 8B46E121F869C497A6CABA0E /* Plotbreak.app */;
			productType = "com.apple.product-type.application";
		};
/* End PBXNativeTarget section */

/* Begin PBXProject section */
		ACF0D55B947A55FE77103AAE /* Project object */ = {
			isa = PBXProject;
			attributes = {
				BuildIndependentTargetsInParallel = YES;
				LastUpgradeCheck = 1600;
				TargetAttributes = {
					383F82EFBD7D5F83D0FEC717 = {
						DevelopmentTeam = Q7ZLXMG4SB;
						ProvisioningStyle = Automatic;
					};
					CBE5F744FDB74B8F65F886CD = {
						DevelopmentTeam = Q7ZLXMG4SB;
						ProvisioningStyle = Automatic;
					};
				};
			};
			buildConfigurationList = C4850E4422890A8BFA67D8A0 /* Build configuration list for PBXProject "Plotbreak" */;
			developmentRegion = en;
			hasScannedForEncodings = 0;
			knownRegions = (
				Base,
				en,
			);
			mainGroup = 3B92CC0ECA57EFD9E9058F24;
			minimizedProjectReferenceProxies = 1;
			preferredProjectObjectVersion = 77;
			productRefGroup = 0A50A0166437F257165B27CF /* Products */;
			projectDirPath = "";
			projectRoot = "";
			targets = (
				CBE5F744FDB74B8F65F886CD /* Plotbreak */,
				383F82EFBD7D5F83D0FEC717 /* PlotbreakTests */,
			);
		};
/* End PBXProject section */

/* Begin PBXResourcesBuildPhase section */
		B084247E63AB17216DCF4FE7 /* Resources */ = {
			isa = PBXResourcesBuildPhase;
			buildActionMask = 2147483647;
			files = (
				9040C6871F3903E3DD13B986 /* Assets.xcassets in Resources */,
				42423E37F5E67BFDE4F9DC5E /* Local.xcconfig.example in Resources */,
				4866F27D3FC88B3D1A2B57E8 /* en.json in Resources */,
				0606CD376ED4FED9712641E0 /* fr.json in Resources */,
			);
			runOnlyForDeploymentPostprocessing = 0;
		};
/* End PBXResourcesBuildPhase section */

/* Begin PBXShellScriptBuildPhase section */
		8BB89537866B55447EFD93AD /* Export i18n catalog */ = {
			isa = PBXShellScriptBuildPhase;
			alwaysOutOfDate = 1;
			buildActionMask = 2147483647;
			files = (
			);
			inputFileListPaths = (
			);
			inputPaths = (
			);
			name = "Export i18n catalog";
			outputFileListPaths = (
			);
			outputPaths = (
			);
			runOnlyForDeploymentPostprocessing = 0;
			shellPath = /bin/sh;
			shellScript = "cd \"$SRCROOT/../..\"\nif command -v node >/dev/null 2>&1 && [ -d node_modules ]; then\n  node apps/ios/scripts/export-catalog.mjs || echo \"warning: catalog export failed, using committed JSON\"\nfi\n";
		};
/* End PBXShellScriptBuildPhase section */

/* Begin PBXSourcesBuildPhase section */
		3C0F73F326CD8DDAA4D5F02D /* Sources */ = {
			isa = PBXSourcesBuildPhase;
			buildActionMask = 2147483647;
			files = (
				1E3AD14F7D3FF1BAB6DF449A /* FoundationTests.swift in Sources */,
			);
			runOnlyForDeploymentPostprocessing = 0;
		};
		CF34DCFA4CA6F651D74DB470 /* Sources */ = {
			isa = PBXSourcesBuildPhase;
			buildActionMask = 2147483647;
			files = (
				41F67188EDC9C3929CF1C750 /* APIClient.swift in Sources */,
				409247813E68D393B0FBA517 /* AppConfig.swift in Sources */,
				6E54F937D1FD8A812A09D98A /* AppStore.swift in Sources */,
				303B74DAFB6D11C316E66447 /* Auth.swift in Sources */,
				A0DDC93C1AE0EE44754CD171 /* Components.swift in Sources */,
				4892C91138FCDC0EF6CCE904 /* Models.swift in Sources */,
				AF06B25A7FEE72D0079C9F6A /* PlotbreakApp.swift in Sources */,
				419F2DC7F041BE8845B8B3B6 /* Primitives.swift in Sources */,
				CC38AAE38610FC231B5E0C63 /* Purchases.swift in Sources */,
				BF9A179A793B5AA8788804FC /* Router.swift in Sources */,
				8C8E72D95A5484C0CAF7E417 /* StubBadges.swift in Sources */,
				68764784FDCCC41DB10C6A55 /* StubCharacterSetup.swift in Sources */,
				1FC9E109EE4564A16D1AC2E2 /* StubCharacters.swift in Sources */,
				99AA27CEC0F06E222A3DAF26 /* StubComments.swift in Sources */,
				D8D19495C237160BD0A2CE7D /* StubDiscover.swift in Sources */,
				7AC6E8CFD140EFFF68AD929B /* StubLibrary.swift in Sources */,
				5FF50FF6B4A1DF1BB6A39E06 /* StubMisc.swift in Sources */,
				B505C5900FC566CF7FCB7ED0 /* StubOnboarding.swift in Sources */,
				BC15383A45A7F2DAC8B09680 /* StubProfile.swift in Sources */,
				D48C9ABD1DCC1D0D7539B8EB /* StubScreen.swift in Sources */,
				006FEA6BCC1BB07E2FBAE14F /* StubSession.swift in Sources */,
				669791D098DE552203FEB519 /* StubSettings.swift in Sources */,
				8E7D298121BF427C094DCBA3 /* StubShare.swift in Sources */,
				9D34F281DC815D72BD4D10BA /* StubStoryDetail.swift in Sources */,
				757A1B27F76949D852740E4B /* StubWallet.swift in Sources */,
				43721E414B4F694E31AD63D5 /* StubWorldSheet.swift in Sources */,
				6C4131B354E4F2747CF676D8 /* Theme.swift in Sources */,
				8D0CCE9FDAD25563F973C40A /* Translator.swift in Sources */,
			);
			runOnlyForDeploymentPostprocessing = 0;
		};
/* End PBXSourcesBuildPhase section */

/* Begin PBXTargetDependency section */
		06D553999ADCE7406C0D07B8 /* PBXTargetDependency */ = {
			isa = PBXTargetDependency;
			target = CBE5F744FDB74B8F65F886CD /* Plotbreak */;
			targetProxy = 353671A402D68A7A5E092A8C /* PBXContainerItemProxy */;
		};
/* End PBXTargetDependency section */

/* Begin XCBuildConfiguration section */
		029144C15BA8338A1269EC27 /* Debug */ = {
			isa = XCBuildConfiguration;
			baseConfigurationReference = 7062C42A778A06C894C39944 /* Debug.xcconfig */;
			buildSettings = {
				ALWAYS_SEARCH_USER_PATHS = NO;
				CLANG_ANALYZER_NONNULL = YES;
				CLANG_ANALYZER_NUMBER_OBJECT_CONVERSION = YES_AGGRESSIVE;
				CLANG_CXX_LANGUAGE_STANDARD = "gnu++14";
				CLANG_CXX_LIBRARY = "libc++";
				CLANG_ENABLE_MODULES = YES;
				CLANG_ENABLE_OBJC_ARC = YES;
				CLANG_ENABLE_OBJC_WEAK = YES;
				CLANG_WARN_BLOCK_CAPTURE_AUTORELEASING = YES;
				CLANG_WARN_BOOL_CONVERSION = YES;
				CLANG_WARN_COMMA = YES;
				CLANG_WARN_CONSTANT_CONVERSION = YES;
				CLANG_WARN_DEPRECATED_OBJC_IMPLEMENTATIONS = YES;
				CLANG_WARN_DIRECT_OBJC_ISA_USAGE = YES_ERROR;
				CLANG_WARN_DOCUMENTATION_COMMENTS = YES;
				CLANG_WARN_EMPTY_BODY = YES;
				CLANG_WARN_ENUM_CONVERSION = YES;
				CLANG_WARN_INFINITE_RECURSION = YES;
				CLANG_WARN_INT_CONVERSION = YES;
				CLANG_WARN_NON_LITERAL_NULL_CONVERSION = YES;
				CLANG_WARN_OBJC_IMPLICIT_RETAIN_SELF = YES;
				CLANG_WARN_OBJC_LITERAL_CONVERSION = YES;
				CLANG_WARN_OBJC_ROOT_CLASS = YES_ERROR;
				CLANG_WARN_QUOTED_INCLUDE_IN_FRAMEWORK_HEADER = YES;
				CLANG_WARN_RANGE_LOOP_ANALYSIS = YES;
				CLANG_WARN_STRICT_PROTOTYPES = YES;
				CLANG_WARN_SUSPICIOUS_MOVE = YES;
				CLANG_WARN_UNGUARDED_AVAILABILITY = YES_AGGRESSIVE;
				CLANG_WARN_UNREACHABLE_CODE = YES;
				CLANG_WARN__DUPLICATE_METHOD_MATCH = YES;
				CODE_SIGN_STYLE = Automatic;
				COPY_PHASE_STRIP = NO;
				CURRENT_PROJECT_VERSION = 1;
				DEBUG_INFORMATION_FORMAT = dwarf;
				DEVELOPMENT_TEAM = Q7ZLXMG4SB;
				ENABLE_STRICT_OBJC_MSGSEND = YES;
				ENABLE_TESTABILITY = YES;
				ENABLE_USER_SCRIPT_SANDBOXING = NO;
				GCC_C_LANGUAGE_STANDARD = gnu11;
				GCC_DYNAMIC_NO_PIC = NO;
				GCC_NO_COMMON_BLOCKS = YES;
				GCC_OPTIMIZATION_LEVEL = 0;
				GCC_PREPROCESSOR_DEFINITIONS = (
					"$(inherited)",
					"DEBUG=1",
				);
				GCC_WARN_64_TO_32_BIT_CONVERSION = YES;
				GCC_WARN_ABOUT_RETURN_TYPE = YES_ERROR;
				GCC_WARN_UNDECLARED_SELECTOR = YES;
				GCC_WARN_UNINITIALIZED_AUTOS = YES_AGGRESSIVE;
				GCC_WARN_UNUSED_FUNCTION = YES;
				GCC_WARN_UNUSED_VARIABLE = YES;
				IPHONEOS_DEPLOYMENT_TARGET = 17.0;
				MARKETING_VERSION = 1.0.0;
				MTL_ENABLE_DEBUG_INFO = INCLUDE_SOURCE;
				MTL_FAST_MATH = YES;
				ONLY_ACTIVE_ARCH = YES;
				PRODUCT_NAME = "$(TARGET_NAME)";
				SDKROOT = iphoneos;
				SWIFT_ACTIVE_COMPILATION_CONDITIONS = DEBUG;
				SWIFT_OPTIMIZATION_LEVEL = "-Onone";
				SWIFT_STRICT_CONCURRENCY = minimal;
				SWIFT_VERSION = 5.10;
				TARGETED_DEVICE_FAMILY = "1,2";
			};
			name = Debug;
		};
		4CEE59B0FE2CB548C77FC014 /* Debug */ = {
			isa = XCBuildConfiguration;
			buildSettings = {
				BUNDLE_LOADER = "$(TEST_HOST)";
				LD_RUNPATH_SEARCH_PATHS = (
					"$(inherited)",
					"@executable_path/Frameworks",
					"@loader_path/Frameworks",
				);
				PRODUCT_BUNDLE_IDENTIFIER = com.plotbreak.app.tests;
				SDKROOT = iphoneos;
				TARGETED_DEVICE_FAMILY = "1,2";
				TEST_HOST = "$(BUILT_PRODUCTS_DIR)/Plotbreak.app/Plotbreak";
			};
			name = Debug;
		};
		98215813AC9F5284550CC0D7 /* Release */ = {
			isa = XCBuildConfiguration;
			buildSettings = {
				ASSETCATALOG_COMPILER_APPICON_NAME = AppIcon;
				CODE_SIGN_ENTITLEMENTS = Plotbreak/Plotbreak.entitlements;
				CODE_SIGN_IDENTITY = "iPhone Developer";
				INFOPLIST_FILE = Plotbreak/Info.plist;
				INFOPLIST_KEY_UIApplicationSupportsIndirectInputEvents = YES;
				LD_RUNPATH_SEARCH_PATHS = (
					"$(inherited)",
					"@executable_path/Frameworks",
				);
				PRODUCT_BUNDLE_IDENTIFIER = com.plotbreak.app;
				SDKROOT = iphoneos;
				TARGETED_DEVICE_FAMILY = "1,2";
			};
			name = Release;
		};
		A5348BC8D12DC9575892BDE4 /* Release */ = {
			isa = XCBuildConfiguration;
			buildSettings = {
				BUNDLE_LOADER = "$(TEST_HOST)";
				LD_RUNPATH_SEARCH_PATHS = (
					"$(inherited)",
					"@executable_path/Frameworks",
					"@loader_path/Frameworks",
				);
				PRODUCT_BUNDLE_IDENTIFIER = com.plotbreak.app.tests;
				SDKROOT = iphoneos;
				TARGETED_DEVICE_FAMILY = "1,2";
				TEST_HOST = "$(BUILT_PRODUCTS_DIR)/Plotbreak.app/Plotbreak";
			};
			name = Release;
		};
		A7701B3A557B4632A6109235 /* Release */ = {
			isa = XCBuildConfiguration;
			baseConfigurationReference = B07870FFBF281DB3DBF2DA3E /* Release.xcconfig */;
			buildSettings = {
				ALWAYS_SEARCH_USER_PATHS = NO;
				CLANG_ANALYZER_NONNULL = YES;
				CLANG_ANALYZER_NUMBER_OBJECT_CONVERSION = YES_AGGRESSIVE;
				CLANG_CXX_LANGUAGE_STANDARD = "gnu++14";
				CLANG_CXX_LIBRARY = "libc++";
				CLANG_ENABLE_MODULES = YES;
				CLANG_ENABLE_OBJC_ARC = YES;
				CLANG_ENABLE_OBJC_WEAK = YES;
				CLANG_WARN_BLOCK_CAPTURE_AUTORELEASING = YES;
				CLANG_WARN_BOOL_CONVERSION = YES;
				CLANG_WARN_COMMA = YES;
				CLANG_WARN_CONSTANT_CONVERSION = YES;
				CLANG_WARN_DEPRECATED_OBJC_IMPLEMENTATIONS = YES;
				CLANG_WARN_DIRECT_OBJC_ISA_USAGE = YES_ERROR;
				CLANG_WARN_DOCUMENTATION_COMMENTS = YES;
				CLANG_WARN_EMPTY_BODY = YES;
				CLANG_WARN_ENUM_CONVERSION = YES;
				CLANG_WARN_INFINITE_RECURSION = YES;
				CLANG_WARN_INT_CONVERSION = YES;
				CLANG_WARN_NON_LITERAL_NULL_CONVERSION = YES;
				CLANG_WARN_OBJC_IMPLICIT_RETAIN_SELF = YES;
				CLANG_WARN_OBJC_LITERAL_CONVERSION = YES;
				CLANG_WARN_OBJC_ROOT_CLASS = YES_ERROR;
				CLANG_WARN_QUOTED_INCLUDE_IN_FRAMEWORK_HEADER = YES;
				CLANG_WARN_RANGE_LOOP_ANALYSIS = YES;
				CLANG_WARN_STRICT_PROTOTYPES = YES;
				CLANG_WARN_SUSPICIOUS_MOVE = YES;
				CLANG_WARN_UNGUARDED_AVAILABILITY = YES_AGGRESSIVE;
				CLANG_WARN_UNREACHABLE_CODE = YES;
				CLANG_WARN__DUPLICATE_METHOD_MATCH = YES;
				CODE_SIGN_STYLE = Automatic;
				COPY_PHASE_STRIP = NO;
				CURRENT_PROJECT_VERSION = 1;
				DEBUG_INFORMATION_FORMAT = "dwarf-with-dsym";
				DEVELOPMENT_TEAM = Q7ZLXMG4SB;
				ENABLE_NS_ASSERTIONS = NO;
				ENABLE_STRICT_OBJC_MSGSEND = YES;
				ENABLE_USER_SCRIPT_SANDBOXING = NO;
				GCC_C_LANGUAGE_STANDARD = gnu11;
				GCC_NO_COMMON_BLOCKS = YES;
				GCC_WARN_64_TO_32_BIT_CONVERSION = YES;
				GCC_WARN_ABOUT_RETURN_TYPE = YES_ERROR;
				GCC_WARN_UNDECLARED_SELECTOR = YES;
				GCC_WARN_UNINITIALIZED_AUTOS = YES_AGGRESSIVE;
				GCC_WARN_UNUSED_FUNCTION = YES;
				GCC_WARN_UNUSED_VARIABLE = YES;
				IPHONEOS_DEPLOYMENT_TARGET = 17.0;
				MARKETING_VERSION = 1.0.0;
				MTL_ENABLE_DEBUG_INFO = NO;
				MTL_FAST_MATH = YES;
				PRODUCT_NAME = "$(TARGET_NAME)";
				SDKROOT = iphoneos;
				SWIFT_COMPILATION_MODE = wholemodule;
				SWIFT_OPTIMIZATION_LEVEL = "-O";
				SWIFT_STRICT_CONCURRENCY = minimal;
				SWIFT_VERSION = 5.10;
				TARGETED_DEVICE_FAMILY = "1,2";
			};
			name = Release;
		};
		D5F698FCB320D9692FD7D9F2 /* Debug */ = {
			isa = XCBuildConfiguration;
			buildSettings = {
				ASSETCATALOG_COMPILER_APPICON_NAME = AppIcon;
				CODE_SIGN_ENTITLEMENTS = Plotbreak/Plotbreak.entitlements;
				CODE_SIGN_IDENTITY = "iPhone Developer";
				INFOPLIST_FILE = Plotbreak/Info.plist;
				INFOPLIST_KEY_UIApplicationSupportsIndirectInputEvents = YES;
				LD_RUNPATH_SEARCH_PATHS = (
					"$(inherited)",
					"@executable_path/Frameworks",
				);
				PRODUCT_BUNDLE_IDENTIFIER = com.plotbreak.app;
				SDKROOT = iphoneos;
				TARGETED_DEVICE_FAMILY = "1,2";
			};
			name = Debug;
		};
/* End XCBuildConfiguration section */

/* Begin XCConfigurationList section */
		4ED71FF82C480E432C065E3C /* Build configuration list for PBXNativeTarget "PlotbreakTests" */ = {
			isa = XCConfigurationList;
			buildConfigurations = (
				4CEE59B0FE2CB548C77FC014 /* Debug */,
				A5348BC8D12DC9575892BDE4 /* Release */,
			);
			defaultConfigurationIsVisible = 0;
			defaultConfigurationName = Debug;
		};
		5C1C30F53A8D959E728580F3 /* Build configuration list for PBXNativeTarget "Plotbreak" */ = {
			isa = XCConfigurationList;
			buildConfigurations = (
				D5F698FCB320D9692FD7D9F2 /* Debug */,
				98215813AC9F5284550CC0D7 /* Release */,
			);
			defaultConfigurationIsVisible = 0;
			defaultConfigurationName = Debug;
		};
		C4850E4422890A8BFA67D8A0 /* Build configuration list for PBXProject "Plotbreak" */ = {
			isa = XCConfigurationList;
			buildConfigurations = (
				029144C15BA8338A1269EC27 /* Debug */,
				A7701B3A557B4632A6109235 /* Release */,
			);
			defaultConfigurationIsVisible = 0;
			defaultConfigurationName = Debug;
		};
/* End XCConfigurationList section */
	};
	rootObject = ACF0D55B947A55FE77103AAE /* Project object */;
}
